# This file is automatically @generated by Cargo.
# It is not intended for manual editing.
version = 4

[[package]]
name = "addr2line"
version = "0.24.2"
source = "registry+https://github.com/rust-lang/crates.io-index"
checksum = "dfbe277e56a376000877090da837660b4427aad530e3028d44e0bffe4f89a1c1"
dependencies = [
 "gimli",
]

[[package]]
name = "adler2"
version = "2.0.0"
source = "registry+https://github.com/rust-lang/crates.io-index"
checksum = "512761e0bb2578dd7380c6baaa0f4ce03e84f95e960231d1dec8bf4d7d6e2627"

[[package]]
name = "aho-corasick"
version = "1.1.3"
source = "registry+https://github.com/rust-lang/crates.io-index"
checksum = "8e60d3430d3a69478ad0993f19238d2df97c507009a52b3c10addcd7f6bcb916"
dependencies = [
 "memchr",
]

[[package]]
name = "allocator-api2"
version = "0.2.21"
source = "registry+https://github.com/rust-lang/crates.io-index"
checksum = "683d7910e743518b0e34f1186f92494becacb047c7b6bf616c96772180fef923"

[[package]]
name = "anstream"
version = "0.6.18"
source = "registry+https://github.com/rust-lang/crates.io-index"
checksum = "8acc5369981196006228e28809f761875c0327210a891e941f4c683b3a99529b"
dependencies = [
 "anstyle",
 "anstyle-parse",
 "anstyle-query",
 "anstyle-wincon",
 "colorchoice",
 "is_terminal_polyfill",
 "utf8parse",
]

[[package]]
name = "anstyle"
version = "1.0.10"
source = "registry+https://github.com/rust-lang/crates.io-index"
checksum = "55cc3b69f167a1ef2e161439aa98aed94e6028e5f9a59be9a6ffb47aef1651f9"

[[package]]
name = "anstyle-parse"
version = "0.2.6"
source = "registry+https://github.com/rust-lang/crates.io-index"
checksum = "3b2d16507662817a6a20a9ea92df6652ee4f94f914589377d69f3b21bc5798a9"
dependencies = [
 "utf8parse",
]

[[package]]
name = "anstyle-query"
version = "1.1.2"
source = "registry+https://github.com/rust-lang/crates.io-index"
checksum = "79947af37f4177cfead1110013d678905c37501914fba0efea834c3fe9a8d60c"
dependencies = [
 "windows-sys 0.59.0",
]

[[package]]
name = "anstyle-wincon"
version = "3.0.7"
source = "registry+https://github.com/rust-lang/crates.io-index"
checksum = "ca3534e77181a9cc07539ad51f2141fe32f6c3ffd4df76db8ad92346b003ae4e"
dependencies = [
 "anstyle",
 "once_cell",
 "windows-sys 0.59.0",
]

[[package]]
name = "anyhow"
version = "1.0.98"
source = "registry+https://github.com/rust-lang/crates.io-index"
checksum = "e16d2d3311acee920a9eb8d33b8cbc1787ce4a264e85f964c2404b969bdcd487"

[[package]]
name = "ar"
version = "0.9.0"
source = "registry+https://github.com/rust-lang/crates.io-index"
checksum = "d67af77d68a931ecd5cbd8a3b5987d63a1d1d1278f7f6a60ae33db485cdebb69"

[[package]]
name = "arrayref"
version = "0.3.9"
source = "registry+https://github.com/rust-lang/crates.io-index"
checksum = "76a2e8124351fda1ef8aaaa3bbd7ebbcb486bbcd4225aca0aa0d84bb2db8fecb"

[[package]]
name = "arrayvec"
version = "0.7.6"
source = "registry+https://github.com/rust-lang/crates.io-index"
checksum = "7c02d123df017efcdfbd739ef81735b36c5ba83ec3c59c80a9d7ecc718f92e50"

[[package]]
name = "ascii_table"
version = "4.0.7"
source = "registry+https://github.com/rust-lang/crates.io-index"
checksum = "fb3cd3541590f14025990035bb02b205870f8ca3f5297956dd2c6b32e6470fa1"

[[package]]
name = "atomic-polyfill"
version = "1.0.3"
source = "registry+https://github.com/rust-lang/crates.io-index"
checksum = "8cf2bce30dfe09ef0bfaef228b9d414faaf7e563035494d7fe092dba54b300f4"
dependencies = [
 "critical-section",
]

[[package]]
name = "atomic-take"
version = "1.1.0"
source = "registry+https://github.com/rust-lang/crates.io-index"
checksum = "a8ab6b55fe97976e46f91ddbed8d147d966475dc29b2032757ba47e02376fbc3"

[[package]]
name = "autocfg"
version = "1.4.0"
source = "registry+https://github.com/rust-lang/crates.io-index"
checksum = "ace50bade8e6234aa140d9a2f552bbee1db4d353f69b8217bc503490fc1a9f26"

[[package]]
name = "backtrace"
version = "0.3.75"
source = "registry+https://github.com/rust-lang/crates.io-index"
checksum = "6806a6321ec58106fea15becdad98371e28d92ccbc7c8f1b3b6dd724fe8f1002"
dependencies = [
 "addr2line",
 "cfg-if",
 "libc",
 "miniz_oxide",
 "object 0.36.7",
 "rustc-demangle",
 "windows-targets",
]

[[package]]
name = "bitflags"
version = "2.9.1"
source = "registry+https://github.com/rust-lang/crates.io-index"
checksum = "1b8e56985ec62d17e9c1001dc89c88ecd7dc08e47eba5ec7c29c7b5eeecde967"

[[package]]
name = "blake3"
version = "1.8.2"
source = "registry+https://github.com/rust-lang/crates.io-index"
checksum = "3888aaa89e4b2a40fca9848e400f6a658a5a3978de7be858e209cafa8be9a4a0"
dependencies = [
 "arrayref",
 "arrayvec",
 "cc",
 "cfg-if",
 "constant_time_eq",
 "rayon-core",
]

[[package]]
name = "bumpalo"
version = "3.17.0"
source = "registry+https://github.com/rust-lang/crates.io-index"
checksum = "1628fb46dfa0b37568d12e5edd512553eccf6a22a78e8bde00bb4aed84d5bdbf"

[[package]]
name = "bumpalo-herd"
version = "0.1.2"
source = "registry+https://github.com/rust-lang/crates.io-index"
checksum = "c51ab7ee02d3459317cc16fec045966c9120733a10229541acaf3cc81b137c95"
dependencies = [
 "bumpalo",
]

[[package]]
name = "bytemuck"
version = "1.23.0"
source = "registry+https://github.com/rust-lang/crates.io-index"
checksum = "9134a6ef01ce4b366b50689c94f82c14bc72bc5d0386829828a2e2752ef7958c"
dependencies = [
 "bytemuck_derive",
]

[[package]]
name = "bytemuck_derive"
version = "1.9.3"
source = "registry+https://github.com/rust-lang/crates.io-index"
checksum = "7ecc273b49b3205b83d648f0690daa588925572cc5063745bfe547fe7ec8e1a1"
dependencies = [
 "proc-macro2",
 "quote",
 "syn",
]

[[package]]
name = "byteorder"
version = "1.5.0"
source = "registry+https://github.com/rust-lang/crates.io-index"
checksum = "1fd0f2584146f6f2ef48085050886acf353beff7305ebd1ae69500e27c67f64b"

[[package]]
name = "bytesize"
version = "2.0.1"
source = "registry+https://github.com/rust-lang/crates.io-index"
checksum = "a3c8f83209414aacf0eeae3cf730b18d6981697fba62f200fcfb92b9f082acba"

[[package]]
name = "cc"
version = "1.2.22"
source = "registry+https://github.com/rust-lang/crates.io-index"
checksum = "32db95edf998450acc7881c932f94cd9b05c87b4b2599e8bab064753da4acfd1"
dependencies = [
 "jobserver",
 "libc",
 "shlex",
]

[[package]]
name = "cfg-if"
version = "1.0.0"
source = "registry+https://github.com/rust-lang/crates.io-index"
checksum = "baf1de4339761588bc0619e3cbc0120ee582ebb74b53b4efbf79117bd2da40fd"

[[package]]
name = "clap"
version = "4.5.38"
source = "registry+https://github.com/rust-lang/crates.io-index"
checksum = "ed93b9805f8ba930df42c2590f05453d5ec36cbb85d018868a5b24d31f6ac000"
dependencies = [
 "clap_builder",
 "clap_derive",
]

[[package]]
name = "clap_builder"
version = "4.5.38"
source = "registry+https://github.com/rust-lang/crates.io-index"
checksum = "379026ff283facf611b0ea629334361c4211d1b12ee01024eec1591133b04120"
dependencies = [
 "anstream",
 "anstyle",
 "clap_lex",
 "strsim",
]

[[package]]
name = "clap_derive"
version = "4.5.32"
source = "registry+https://github.com/rust-lang/crates.io-index"
checksum = "09176aae279615badda0765c0c0b3f6ed53f4709118af73cf4655d85d1530cd7"
dependencies = [
 "heck",
 "proc-macro2",
 "quote",
 "syn",
]

[[package]]
name = "clap_lex"
version = "0.7.4"
source = "registry+https://github.com/rust-lang/crates.io-index"
checksum = "f46ad14479a25103f283c0f10005961cf086d8dc42205bb44c46ac563475dca6"

[[package]]
name = "cobs"
version = "0.2.3"
source = "registry+https://github.com/rust-lang/crates.io-index"
checksum = "67ba02a97a2bd10f4b59b25c7973101c79642302776489e030cd13cdab09ed15"

[[package]]
name = "colorchoice"
version = "1.0.3"
source = "registry+https://github.com/rust-lang/crates.io-index"
checksum = "5b63caa9aa9397e2d9480a9b13673856c78d8ac123288526c37d7839f2a86990"

[[package]]
name = "colored"
version = "3.0.0"
source = "registry+https://github.com/rust-lang/crates.io-index"
checksum = "fde0e0ec90c9dfb3b4b1a0891a7dcd0e2bffde2f7efed5fe7c9bb00e5bfb915e"
dependencies = [
 "windows-sys 0.59.0",
]

[[package]]
name = "constant_time_eq"
version = "0.3.1"
source = "registry+https://github.com/rust-lang/crates.io-index"
checksum = "7c74b8349d32d297c9134b8c88677813a227df8f779daa29bfc29c183fe3dca6"

[[package]]
name = "cpp_demangle"
version = "0.4.4"
source = "registry+https://github.com/rust-lang/crates.io-index"
checksum = "96e58d342ad113c2b878f16d5d034c03be492ae460cdbc02b7f0f2284d310c7d"
dependencies = [
 "cfg-if",
]

[[package]]
name = "crc32fast"
version = "1.4.2"
source = "registry+https://github.com/rust-lang/crates.io-index"
checksum = "a97769d94ddab943e4510d138150169a2758b5ef3eb191a9ee688de3e23ef7b3"
dependencies = [
 "cfg-if",
]

[[package]]
name = "critical-section"
version = "1.2.0"
source = "registry+https://github.com/rust-lang/crates.io-index"
checksum = "790eea4361631c5e7d22598ecd5723ff611904e3344ce8720784c93e3d83d40b"

[[package]]
name = "crossbeam-deque"
version = "0.8.6"
source = "registry+https://github.com/rust-lang/crates.io-index"
checksum = "9dd111b7b7f7d55b72c0a6ae361660ee5853c9af73f70c3c2ef6858b950e2e51"
dependencies = [
 "crossbeam-epoch",
 "crossbeam-utils",
]

[[package]]
name = "crossbeam-epoch"
version = "0.9.18"
source = "registry+https://github.com/rust-lang/crates.io-index"
checksum = "5b82ac4a3c2ca9c3460964f020e1402edd5753411d7737aa39c3714ad1b5420e"
dependencies = [
 "crossbeam-utils",
]

[[package]]
name = "crossbeam-queue"
version = "0.3.12"
source = "registry+https://github.com/rust-lang/crates.io-index"
checksum = "0f58bbc28f91df819d0aa2a2c00cd19754769c2fad90579b3592b1c9ba7a3115"
dependencies = [
 "crossbeam-utils",
]

[[package]]
name = "crossbeam-utils"
version = "0.8.21"
source = "registry+https://github.com/rust-lang/crates.io-index"
checksum = "d0a5c400df2834b80a4c3327b3aad3a4c4cd4de0629063962b03235697506a28"

[[package]]
name = "debugid"
version = "0.8.0"
source = "registry+https://github.com/rust-lang/crates.io-index"
checksum = "bef552e6f588e446098f6ba40d89ac146c8c7b64aade83c051ee00bb5d2bc18d"
dependencies = [
 "uuid",
]

[[package]]
name = "dhat"
version = "0.3.3"
source = "registry+https://github.com/rust-lang/crates.io-index"
checksum = "98cd11d84628e233de0ce467de10b8633f4ddaecafadefc86e13b84b8739b827"
dependencies = [
 "backtrace",
 "lazy_static",
 "mintex",
 "parking_lot",
 "rustc-hash",
 "serde",
 "serde_json",
 "thousands",
]

[[package]]
name = "either"
version = "1.15.0"
source = "registry+https://github.com/rust-lang/crates.io-index"
checksum = "48c757948c5ede0e46177b7add2e67155f70e33c07fea8284df6576da70b3719"

[[package]]
name = "embedded-io"
version = "0.4.0"
source = "registry+https://github.com/rust-lang/crates.io-index"
checksum = "ef1a6892d9eef45c8fa6b9e0086428a2cca8491aca8f787c534a3d6d0bcb3ced"

[[package]]
name = "embedded-io"
version = "0.6.1"
source = "registry+https://github.com/rust-lang/crates.io-index"
checksum = "edd0f118536f44f5ccd48bcb8b111bdc3de888b58c74639dfb034a357d0f206d"

[[package]]
name = "env_home"
version = "0.1.0"
source = "registry+https://github.com/rust-lang/crates.io-index"
checksum = "c7f84e12ccf0a7ddc17a6c41c93326024c42920d7ee630d04950e6926645c0fe"

[[package]]
name = "equivalent"
version = "1.0.2"
source = "registry+https://github.com/rust-lang/crates.io-index"
checksum = "877a4ace8713b0bcf2a4e7eec82529c029f1d0619886d18145fea96c3ffe5c0f"

[[package]]
name = "errno"
version = "0.3.11"
source = "registry+https://github.com/rust-lang/crates.io-index"
checksum = "976dd42dc7e85965fe702eb8164f21f450704bdde31faefd6471dba214cb594e"
dependencies = [
 "libc",
 "windows-sys 0.59.0",
]

[[package]]
name = "fallible-iterator"
version = "0.3.0"
source = "registry+https://github.com/rust-lang/crates.io-index"
checksum = "2acce4a10f12dc2fb14a218589d4f1f62ef011b2d0cc4b3cb1bba8e94da14649"

[[package]]
name = "fastrand"
version = "2.3.0"
source = "registry+https://github.com/rust-lang/crates.io-index"
checksum = "37909eebbb50d72f9059c3b6d82c0463f2ff062c9e95845c43a6c9c0355411be"

[[package]]
name = "fd-lock"
version = "4.0.4"
source = "registry+https://github.com/rust-lang/crates.io-index"
checksum = "0ce92ff622d6dadf7349484f42c93271a0d49b7cc4d466a936405bacbe10aa78"
dependencies = [
 "cfg-if",
 "rustix",
 "windows-sys 0.59.0",
]

[[package]]
name = "flate2"
version = "1.1.1"
source = "registry+https://github.com/rust-lang/crates.io-index"
checksum = "7ced92e76e966ca2fd84c8f7aa01a4aea65b0eb6648d72f7c8f3e2764a67fece"
dependencies = [
 "crc32fast",
 "libz-rs-sys",
 "miniz_oxide",
]

[[package]]
name = "foldhash"
version = "0.1.5"
source = "registry+https://github.com/rust-lang/crates.io-index"
checksum = "d9c4f5dac5e15c24eb999c26181a6ca40b39fe946cbe4c263c7209467bc83af2"

[[package]]
name = "futures-core"
version = "0.3.31"
source = "registry+https://github.com/rust-lang/crates.io-index"
checksum = "05f29059c0c2090612e8d742178b0580d2dc940c837851ad723096f87af6663e"

[[package]]
name = "futures-macro"
version = "0.3.31"
source = "registry+https://github.com/rust-lang/crates.io-index"
checksum = "162ee34ebcb7c64a8abebc059ce0fee27c2262618d7b60ed8faf72fef13c3650"
dependencies = [
 "proc-macro2",
 "quote",
 "syn",
]

[[package]]
name = "futures-task"
version = "0.3.31"
source = "registry+https://github.com/rust-lang/crates.io-index"
checksum = "f90f7dce0722e95104fcb095585910c0977252f286e354b5e3bd38902cd99988"

[[package]]
name = "futures-timer"
version = "3.0.3"
source = "registry+https://github.com/rust-lang/crates.io-index"
checksum = "f288b0a4f20f9a56b5d1da57e2227c661b7b16168e2f72365f57b63326e29b24"

[[package]]
name = "futures-util"
version = "0.3.31"
source = "registry+https://github.com/rust-lang/crates.io-index"
checksum = "9fa08315bb612088cc391249efdc3bc77536f16c91f6cf495e6fbe85b20a4a81"
dependencies = [
 "futures-core",
 "futures-macro",
 "futures-task",
 "pin-project-lite",
 "pin-utils",
 "slab",
]

[[package]]
name = "getrandom"
version = "0.3.3"
source = "registry+https://github.com/rust-lang/crates.io-index"
checksum = "26145e563e54f2cadc477553f1ec5ee650b00862f0a58bcd12cbdc5f0ea2d2f4"
dependencies = [
 "cfg-if",
 "libc",
 "r-efi",
 "wasi",
]

[[package]]
name = "gimli"
version = "0.31.1"
source = "registry+https://github.com/rust-lang/crates.io-index"
checksum = "07e28edb80900c19c28f1072f2e8aeca7fa06b23cd4169cefe1af5aa3260783f"
dependencies = [
 "fallible-iterator",
 "indexmap",
 "stable_deref_trait",
]

[[package]]
name = "glob"
version = "0.3.2"
source = "registry+https://github.com/rust-lang/crates.io-index"
checksum = "a8d1add55171497b4705a648c6b583acafb01d58050a51727785f0b2c8e0a2b2"

[[package]]
name = "hash32"
version = "0.2.1"
source = "registry+https://github.com/rust-lang/crates.io-index"
checksum = "b0c35f58762feb77d74ebe43bdbc3210f09be9fe6742234d573bacc26ed92b67"
dependencies = [
 "byteorder",
]

[[package]]
name = "hashbrown"
version = "0.15.3"
source = "registry+https://github.com/rust-lang/crates.io-index"
checksum = "84b26c544d002229e640969970a2e74021aadf6e2f96372b9c58eff97de08eb3"
dependencies = [
 "allocator-api2",
 "equivalent",
 "foldhash",
]

[[package]]
name = "heapless"
version = "0.7.17"
source = "registry+https://github.com/rust-lang/crates.io-index"
checksum = "cdc6457c0eb62c71aac4bc17216026d8410337c4126773b9c5daba343f17964f"
dependencies = [
 "atomic-polyfill",
 "hash32",
 "rustc_version",
 "serde",
 "spin",
 "stable_deref_trait",
]

[[package]]
name = "heck"
version = "0.5.0"
source = "registry+https://github.com/rust-lang/crates.io-index"
checksum = "2304e00983f87ffb38b55b444b5e3b60a884b5d30c0fca7d82fe33449bbe55ea"

[[package]]
name = "hex"
version = "0.4.3"
source = "registry+https://github.com/rust-lang/crates.io-index"
checksum = "7f24254aa9a54b5c858eaee2f5bccdb46aaf0e486a595ed5fd8f86ba55232a70"

[[package]]
name = "iced-x86"
version = "1.21.0"
source = "registry+https://github.com/rust-lang/crates.io-index"
checksum = "7c447cff8c7f384a7d4f741cfcff32f75f3ad02b406432e8d6c878d56b1edf6b"
dependencies = [
 "lazy_static",
]

[[package]]
name = "indexmap"
version = "2.9.0"
source = "registry+https://github.com/rust-lang/crates.io-index"
checksum = "cea70ddb795996207ad57735b50c5982d8844f38ba9ee5f1aedcfb708a2aa11e"
dependencies = [
 "equivalent",
 "hashbrown",
]

[[package]]
name = "is_terminal_polyfill"
version = "1.70.1"
source = "registry+https://github.com/rust-lang/crates.io-index"
checksum = "7943c866cc5cd64cbc25b2e01621d07fa8eb2a1a23160ee81ce38704e97b8ecf"

[[package]]
name = "itertools"
version = "0.14.0"
source = "registry+https://github.com/rust-lang/crates.io-index"
checksum = "2b192c782037fadd9cfa75548310488aabdbf3d2da73885b31bd0abd03351285"
dependencies = [
 "either",
]

[[package]]
name = "itoa"
version = "1.0.15"
source = "registry+https://github.com/rust-lang/crates.io-index"
checksum = "4a5f13b858c8d314ee3e8f639011f7ccefe71f97f96e50151fb991f267928e2c"

[[package]]
name = "jobserver"
version = "0.1.33"
source = "registry+https://github.com/rust-lang/crates.io-index"
checksum = "38f262f097c174adebe41eb73d66ae9c06b2844fb0da69969647bbddd9b0538a"
dependencies = [
 "getrandom",
 "libc",
]

[[package]]
name = "js-sys"
version = "0.3.77"
source = "registry+https://github.com/rust-lang/crates.io-index"
checksum = "1cfaf33c695fc6e08064efbc1f72ec937429614f25eef83af942d0e227c3a28f"
dependencies = [
 "once_cell",
 "wasm-bindgen",
]

[[package]]
name = "lazy_static"
version = "1.5.0"
source = "registry+https://github.com/rust-lang/crates.io-index"
checksum = "bbd2bcb4c963f2ddae06a2efc7e9f3591312473c50c6685e1f298068316e66fe"

[[package]]
name = "leb128"
version = "0.2.5"
source = "registry+https://github.com/rust-lang/crates.io-index"
checksum = "884e2677b40cc8c339eaefcb701c32ef1fd2493d71118dc0ca4b6a736c93bd67"

[[package]]
name = "libc"
version = "0.2.172"
source = "registry+https://github.com/rust-lang/crates.io-index"
checksum = "d750af042f7ef4f724306de029d18836c26c1765a54a6a3f094cbd23a7267ffa"

[[package]]
name = "libmimalloc-sys"
version = "0.1.42"
source = "registry+https://github.com/rust-lang/crates.io-index"
checksum = "ec9d6fac27761dabcd4ee73571cdb06b7022dc99089acbe5435691edffaac0f4"
dependencies = [
 "cc",
 "libc",
]

[[package]]
name = "libwild"
version = "0.5.0"
dependencies = [
 "anyhow",
 "ar",
 "atomic-take",
 "bitflags",
 "blake3",
 "bumpalo-herd",
 "bytemuck",
 "bytesize",
 "crossbeam-queue",
 "crossbeam-utils",
 "flate2",
 "foldhash",
 "gimli",
 "hashbrown",
 "hex",
 "itertools",
 "libc",
 "linker-layout",
 "linker-trace",
 "linker-utils",
 "memchr",
 "memmap2",
 "object 0.37.0",
 "rayon",
 "sharded-offset-map",
 "sharded-vec-writer",
 "smallvec",
 "symbolic-demangle",
 "tracing",
 "tracing-subscriber",
 "typed-arena",
 "uuid",
 "winnow",
 "zstd",
]

[[package]]
name = "libz-rs-sys"
version = "0.5.0"
source = "registry+https://github.com/rust-lang/crates.io-index"
checksum = "6489ca9bd760fe9642d7644e827b0c9add07df89857b0416ee15c1cc1a3b8c5a"
dependencies = [
 "zlib-rs",
]

[[package]]
name = "linker-diff"
version = "0.5.0"
dependencies = [
 "anyhow",
 "ascii_table",
 "bytemuck",
 "clap",
 "colored",
 "fallible-iterator",
 "gimli",
 "iced-x86",
 "itertools",
 "linker-layout",
 "linker-trace",
 "linker-utils",
 "memchr",
 "memmap2",
 "object 0.37.0",
 "rayon",
 "symbolic-demangle",
 "tempfile",
 "tracing",
 "tracing-subscriber",
 "which",
]

[[package]]
name = "linker-layout"
version = "0.5.0"
dependencies = [
 "anyhow",
 "postcard",
 "serde",
]

[[package]]
name = "linker-trace"
version = "0.5.0"
dependencies = [
 "anyhow",
 "postcard",
 "serde",
]

[[package]]
name = "linker-utils"
version = "0.5.0"
dependencies = [
 "anyhow",
 "leb128",
 "object 0.37.0",
]

[[package]]
name = "linux-raw-sys"
version = "0.9.4"
source = "registry+https://github.com/rust-lang/crates.io-index"
checksum = "cd945864f07fe9f5371a27ad7b52a172b4b499999f1d97574c9fa68373937e12"

[[package]]
name = "lock_api"
version = "0.4.12"
source = "registry+https://github.com/rust-lang/crates.io-index"
checksum = "07af8b9cdd281b7915f413fa73f29ebd5d55d0d3f0155584dade1ff18cea1b17"
dependencies = [
 "autocfg",
 "scopeguard",
]

[[package]]
name = "log"
version = "0.4.27"
source = "registry+https://github.com/rust-lang/crates.io-index"
checksum = "13dc2df351e3202783a1fe0d44375f7295ffb4049267b0f3018346dc122a1d94"

[[package]]
name = "matchers"
version = "0.1.0"
source = "registry+https://github.com/rust-lang/crates.io-index"
checksum = "8263075bb86c5a1b1427b5ae862e8889656f126e9f77c484496e8b47cf5c5558"
dependencies = [
 "regex-automata 0.1.10",
]

[[package]]
name = "memchr"
version = "2.7.4"
source = "registry+https://github.com/rust-lang/crates.io-index"
checksum = "78ca9ab1a0babb1e7d5695e3530886289c18cf2f87ec19a575a0abdce112e3a3"

[[package]]
name = "memmap2"
version = "0.9.5"
source = "registry+https://github.com/rust-lang/crates.io-index"
checksum = "fd3f7eed9d3848f8b98834af67102b720745c4ec028fcd0aa0239277e7de374f"
dependencies = [
 "libc",
]

[[package]]
name = "mimalloc"
version = "0.1.46"
source = "registry+https://github.com/rust-lang/crates.io-index"
checksum = "995942f432bbb4822a7e9c3faa87a695185b0d09273ba85f097b54f4e458f2af"
dependencies = [
 "libmimalloc-sys",
]

[[package]]
name = "miniz_oxide"
version = "0.8.8"
source = "registry+https://github.com/rust-lang/crates.io-index"
checksum = "3be647b768db090acb35d5ec5db2b0e1f1de11133ca123b9eacf5137868f892a"
dependencies = [
 "adler2",
]

[[package]]
name = "mintex"
version = "0.1.4"
source = "registry+https://github.com/rust-lang/crates.io-index"
checksum = "c505b3e17ed6b70a7ed2e67fbb2c560ee327353556120d6e72f5232b6880d536"

[[package]]
name = "msvc-demangler"
version = "0.10.1"
source = "registry+https://github.com/rust-lang/crates.io-index"
checksum = "c4c25a3bb7d880e8eceab4822f3141ad0700d20f025991c1f03bd3d00219a5fc"
dependencies = [
 "bitflags",
]

[[package]]
name = "object"
version = "0.36.7"
source = "registry+https://github.com/rust-lang/crates.io-index"
checksum = "62948e14d923ea95ea2c7c86c71013138b66525b86bdc08d2dcc262bdb497b87"
dependencies = [
 "memchr",
]

[[package]]
name = "object"
version = "0.37.0"
source = "registry+https://github.com/rust-lang/crates.io-index"
checksum = "6273adb7096cf9ab4335f258e627d8230e69d40d45567d678f552dcec6245215"
dependencies = [
 "memchr",
]

[[package]]
name = "once_cell"
version = "1.21.3"
source = "registry+https://github.com/rust-lang/crates.io-index"
checksum = "42f5e15c9953c5e4ccceeb2e7382a716482c34515315f7b03532b8b4e8393d2d"

[[package]]
name = "os_info"
version = "3.11.0"
source = "registry+https://github.com/rust-lang/crates.io-index"
checksum = "41fc863e2ca13dc2d5c34fb22ea4a588248ac14db929616ba65c45f21744b1e9"
dependencies = [
 "log",
 "serde",
 "windows-sys 0.52.0",
]

[[package]]
name = "parking_lot"
version = "0.12.3"
source = "registry+https://github.com/rust-lang/crates.io-index"
checksum = "f1bf18183cf54e8d6059647fc3063646a1801cf30896933ec2311622cc4b9a27"
dependencies = [
 "lock_api",
 "parking_lot_core",
]

[[package]]
name = "parking_lot_core"
version = "0.9.10"
source = "registry+https://github.com/rust-lang/crates.io-index"
checksum = "1e401f977ab385c9e4e3ab30627d6f26d00e2c73eef317493c4ec6d468726cf8"
dependencies = [
 "cfg-if",
 "libc",
 "redox_syscall",
 "smallvec",
 "windows-targets",
]

[[package]]
name = "pin-project-lite"
version = "0.2.16"
source = "registry+https://github.com/rust-lang/crates.io-index"
checksum = "3b3cff922bd51709b605d9ead9aa71031d81447142d828eb4a6eba76fe619f9b"

[[package]]
name = "pin-utils"
version = "0.1.0"
source = "registry+https://github.com/rust-lang/crates.io-index"
checksum = "8b870d8c151b6f2fb93e84a13146138f05d02ed11c7e7c54f8826aaaf7c9f184"

[[package]]
name = "pkg-config"
version = "0.3.32"
source = "registry+https://github.com/rust-lang/crates.io-index"
checksum = "7edddbd0b52d732b21ad9a5fab5c704c14cd949e5e9a1ec5929a24fded1b904c"

[[package]]
name = "postcard"
version = "1.1.1"
source = "registry+https://github.com/rust-lang/crates.io-index"
checksum = "170a2601f67cc9dba8edd8c4870b15f71a6a2dc196daec8c83f72b59dff628a8"
dependencies = [
 "cobs",
 "embedded-io 0.4.0",
 "embedded-io 0.6.1",
 "heapless",
 "serde",
]

[[package]]
name = "proc-macro-crate"
version = "3.3.0"
source = "registry+https://github.com/rust-lang/crates.io-index"
checksum = "edce586971a4dfaa28950c6f18ed55e0406c1ab88bbce2c6f6293a7aaba73d35"
dependencies = [
 "toml_edit",
]

[[package]]
name = "proc-macro2"
version = "1.0.95"
source = "registry+https://github.com/rust-lang/crates.io-index"
checksum = "02b3e5e68a3a1a02aad3ec490a98007cbc13c37cbe84a3cd7b8e406d76e7f778"
dependencies = [
 "unicode-ident",
]

[[package]]
name = "quote"
version = "1.0.40"
source = "registry+https://github.com/rust-lang/crates.io-index"
checksum = "1885c039570dc00dcb4ff087a89e185fd56bae234ddc7f056a945bf36467248d"
dependencies = [
 "proc-macro2",
]

[[package]]
name = "r-efi"
version = "5.2.0"
source = "registry+https://github.com/rust-lang/crates.io-index"
checksum = "74765f6d916ee2faa39bc8e68e4f3ed8949b48cccdac59983d287a7cb71ce9c5"

[[package]]
name = "rayon"
version = "1.10.0"
source = "registry+https://github.com/rust-lang/crates.io-index"
checksum = "b418a60154510ca1a002a752ca9714984e21e4241e804d32555251faf8b78ffa"
dependencies = [
 "either",
 "rayon-core",
]

[[package]]
name = "rayon-core"
version = "1.12.1"
source = "registry+https://github.com/rust-lang/crates.io-index"
checksum = "1465873a3dfdaa8ae7cb14b4383657caab0b3e8a0aa9ae8e04b044854c8dfce2"
dependencies = [
 "crossbeam-deque",
 "crossbeam-utils",
]

[[package]]
name = "redox_syscall"
version = "0.5.12"
source = "registry+https://github.com/rust-lang/crates.io-index"
checksum = "928fca9cf2aa042393a8325b9ead81d2f0df4cb12e1e24cef072922ccd99c5af"
dependencies = [
 "bitflags",
]

[[package]]
name = "regex"
version = "1.11.1"
source = "registry+https://github.com/rust-lang/crates.io-index"
checksum = "b544ef1b4eac5dc2db33ea63606ae9ffcfac26c1416a2806ae0bf5f56b201191"
dependencies = [
 "aho-corasick",
 "memchr",
 "regex-automata 0.4.9",
 "regex-syntax 0.8.5",
]

[[package]]
name = "regex-automata"
version = "0.1.10"
source = "registry+https://github.com/rust-lang/crates.io-index"
checksum = "6c230d73fb8d8c1b9c0b3135c5142a8acee3a0558fb8db5cf1cb65f8d7862132"
dependencies = [
 "regex-syntax 0.6.29",
]

[[package]]
name = "regex-automata"
version = "0.4.9"
source = "registry+https://github.com/rust-lang/crates.io-index"
checksum = "809e8dc61f6de73b46c85f4c96486310fe304c434cfa43669d7b40f711150908"
dependencies = [
 "aho-corasick",
 "memchr",
 "regex-syntax 0.8.5",
]

[[package]]
name = "regex-syntax"
version = "0.6.29"
source = "registry+https://github.com/rust-lang/crates.io-index"
checksum = "f162c6dd7b008981e4d40210aca20b4bd0f9b60ca9271061b07f78537722f2e1"

[[package]]
name = "regex-syntax"
version = "0.8.5"
source = "registry+https://github.com/rust-lang/crates.io-index"
checksum = "2b15c43186be67a4fd63bee50d0303afffcef381492ebe2c5d87f324e1b8815c"

[[package]]
name = "relative-path"
version = "1.9.3"
source = "registry+https://github.com/rust-lang/crates.io-index"
checksum = "ba39f3699c378cd8970968dcbff9c43159ea4cfbd88d43c00b22f2ef10a435d2"

[[package]]
name = "rstest"
version = "0.25.0"
source = "registry+https://github.com/rust-lang/crates.io-index"
checksum = "6fc39292f8613e913f7df8fa892b8944ceb47c247b78e1b1ae2f09e019be789d"
dependencies = [
 "futures-timer",
 "futures-util",
 "rstest_macros",
 "rustc_version",
]

[[package]]
name = "rstest_macros"
version = "0.25.0"
source = "registry+https://github.com/rust-lang/crates.io-index"
checksum = "1f168d99749d307be9de54d23fd226628d99768225ef08f6ffb52e0182a27746"
dependencies = [
 "cfg-if",
 "glob",
 "proc-macro-crate",
 "proc-macro2",
 "quote",
 "regex",
 "relative-path",
 "rustc_version",
 "syn",
 "unicode-ident",
]

[[package]]
name = "rustc-demangle"
version = "0.1.24"
source = "registry+https://github.com/rust-lang/crates.io-index"
checksum = "719b953e2095829ee67db738b3bfa9fa368c94900df327b3f07fe6e794d2fe1f"

[[package]]
name = "rustc-hash"
version = "1.1.0"
source = "registry+https://github.com/rust-lang/crates.io-index"
checksum = "08d43f7aa6b08d49f382cde6a7982047c3426db949b1424bc4b7ec9ae12c6ce2"

[[package]]
name = "rustc_version"
version = "0.4.1"
source = "registry+https://github.com/rust-lang/crates.io-index"
checksum = "cfcb3a22ef46e85b45de6ee7e79d063319ebb6594faafcf1c225ea92ab6e9b92"
dependencies = [
 "semver",
]

[[package]]
name = "rustix"
version = "1.0.7"
source = "registry+https://github.com/rust-lang/crates.io-index"
checksum = "c71e83d6afe7ff64890ec6b71d6a69bb8a610ab78ce364b3352876bb4c801266"
dependencies = [
 "bitflags",
 "errno",
 "libc",
 "linux-raw-sys",
 "windows-sys 0.59.0",
]

[[package]]
name = "rustversion"
version = "1.0.20"
source = "registry+https://github.com/rust-lang/crates.io-index"
checksum = "eded382c5f5f786b989652c49544c4877d9f015cc22e145a5ea8ea66c2921cd2"

[[package]]
name = "ryu"
version = "1.0.20"
source = "registry+https://github.com/rust-lang/crates.io-index"
checksum = "28d3b2b1366ec20994f1fd18c3c594f05c5dd4bc44d8bb0c1c632c8d6829481f"

[[package]]
name = "scopeguard"
version = "1.2.0"
source = "registry+https://github.com/rust-lang/crates.io-index"
checksum = "94143f37725109f92c262ed2cf5e59bce7498c01bcc1502d7b9afe439a4e9f49"

[[package]]
name = "semver"
version = "1.0.26"
source = "registry+https://github.com/rust-lang/crates.io-index"
checksum = "56e6fa9c48d24d85fb3de5ad847117517440f6beceb7798af16b4a87d616b8d0"

[[package]]
name = "serde"
version = "1.0.219"
source = "registry+https://github.com/rust-lang/crates.io-index"
checksum = "5f0e2c6ed6606019b4e29e69dbaba95b11854410e5347d525002456dbbb786b6"
dependencies = [
 "serde_derive",
]

[[package]]
name = "serde_derive"
version = "1.0.219"
source = "registry+https://github.com/rust-lang/crates.io-index"
checksum = "5b0276cf7f2c73365f7157c8123c21cd9a50fbbd844757af28ca1f5925fc2a00"
dependencies = [
 "proc-macro2",
 "quote",
 "syn",
]

[[package]]
name = "serde_json"
version = "1.0.140"
source = "registry+https://github.com/rust-lang/crates.io-index"
checksum = "20068b6e96dc6c9bd23e01df8827e6c7e1f2fddd43c21810382803c136b99373"
dependencies = [
 "itoa",
 "memchr",
 "ryu",
 "serde",
]

[[package]]
name = "serde_spanned"
version = "0.6.8"
source = "registry+https://github.com/rust-lang/crates.io-index"
checksum = "87607cb1398ed59d48732e575a4c28a7a8ebf2454b964fe3f224f2afc07909e1"
dependencies = [
 "serde",
]

[[package]]
name = "sharded-offset-map"
version = "0.2.0"
source = "registry+https://github.com/rust-lang/crates.io-index"
checksum = "a420d414434523aec9421abd8cc7e674795d6cd3eec9a4080c35ea16a82754c6"
dependencies = [
 "sharded-vec-writer",
]

[[package]]
name = "sharded-slab"
version = "0.1.7"
source = "registry+https://github.com/rust-lang/crates.io-index"
checksum = "f40ca3c46823713e0d4209592e8d6e826aa57e928f09752619fc696c499637f6"
dependencies = [
 "lazy_static",
]

[[package]]
name = "sharded-vec-writer"
version = "0.3.0"
source = "registry+https://github.com/rust-lang/crates.io-index"
checksum = "b0e1e51ad52f9ead5d806e61860fd595da6c76f061a6324bd13aa4f437a29681"

[[package]]
name = "shlex"
version = "1.3.0"
source = "registry+https://github.com/rust-lang/crates.io-index"
checksum = "0fda2ff0d084019ba4d7c6f371c95d8fd75ce3524c3cb8fb653a3023f6323e64"

[[package]]
name = "slab"
version = "0.4.9"
source = "registry+https://github.com/rust-lang/crates.io-index"
checksum = "8f92a496fb766b417c996b9c5e57daf2f7ad3b0bebe1ccfca4856390e3d3bb67"
dependencies = [
 "autocfg",
]

[[package]]
name = "smallvec"
version = "1.15.0"
source = "registry+https://github.com/rust-lang/crates.io-index"
checksum = "8917285742e9f3e1683f0a9c4e6b57960b7314d0b08d30d1ecd426713ee2eee9"

[[package]]
name = "spin"
version = "0.9.8"
source = "registry+https://github.com/rust-lang/crates.io-index"
checksum = "6980e8d7511241f8acf4aebddbb1ff938df5eebe98691418c4468d0b72a96a67"
dependencies = [
 "lock_api",
]

[[package]]
name = "stable_deref_trait"
version = "1.2.0"
source = "registry+https://github.com/rust-lang/crates.io-index"
checksum = "a8f112729512f8e442d81f95a8a7ddf2b7c6b8a1a6f509a95864142b30cab2d3"

[[package]]
name = "strsim"
version = "0.11.1"
source = "registry+https://github.com/rust-lang/crates.io-index"
checksum = "7da8b5736845d9f2fcb837ea5d9e2628564b3b043a70948a3f0b778838c5fb4f"

[[package]]
name = "strum"
version = "0.27.1"
source = "registry+https://github.com/rust-lang/crates.io-index"
checksum = "f64def088c51c9510a8579e3c5d67c65349dcf755e5479ad3d010aa6454e2c32"
dependencies = [
 "strum_macros",
]

[[package]]
name = "strum_macros"
version = "0.27.1"
source = "registry+https://github.com/rust-lang/crates.io-index"
checksum = "c77a8c5abcaf0f9ce05d62342b7d298c346515365c36b673df4ebe3ced01fde8"
dependencies = [
 "heck",
 "proc-macro2",
 "quote",
 "rustversion",
 "syn",
]

[[package]]
name = "symbolic-common"
version = "12.15.5"
source = "registry+https://github.com/rust-lang/crates.io-index"
checksum = "6a1150bdda9314f6cfeeea801c23f5593c6e6a6c72e64f67e48d723a12b8efdb"
dependencies = [
 "debugid",
 "memmap2",
 "stable_deref_trait",
 "uuid",
]

[[package]]
name = "symbolic-demangle"
version = "12.15.5"
source = "registry+https://github.com/rust-lang/crates.io-index"
checksum = "9f66537def48fbc704a92e4fdaab7833bc7cb2255faca8182592fb5fa617eb82"
dependencies = [
 "cc",
 "cpp_demangle",
 "msvc-demangler",
 "rustc-demangle",
 "symbolic-common",
]

[[package]]
name = "syn"
version = "2.0.101"
source = "registry+https://github.com/rust-lang/crates.io-index"
checksum = "8ce2b7fc941b3a24138a0a7cf8e858bfc6a992e7978a068a5c760deb0ed43caf"
dependencies = [
 "proc-macro2",
 "quote",
 "unicode-ident",
]

[[package]]
name = "tempfile"
version = "3.20.0"
source = "registry+https://github.com/rust-lang/crates.io-index"
checksum = "e8a64e3985349f2441a1a9ef0b853f869006c3855f2cda6862a94d26ebb9d6a1"
dependencies = [
 "fastrand",
 "getrandom",
 "once_cell",
 "rustix",
 "windows-sys 0.59.0",
]

[[package]]
name = "thousands"
version = "0.2.0"
source = "registry+https://github.com/rust-lang/crates.io-index"
checksum = "3bf63baf9f5039dadc247375c29eb13706706cfde997d0330d05aa63a77d8820"

[[package]]
name = "thread_local"
version = "1.1.8"
source = "registry+https://github.com/rust-lang/crates.io-index"
checksum = "8b9ef9bad013ada3808854ceac7b46812a6465ba368859a37e2100283d2d719c"
dependencies = [
 "cfg-if",
 "once_cell",
]

[[package]]
name = "toml"
version = "0.8.22"
source = "registry+https://github.com/rust-lang/crates.io-index"
checksum = "05ae329d1f08c4d17a59bed7ff5b5a769d062e64a62d34a3261b219e62cd5aae"
dependencies = [
 "serde",
 "serde_spanned",
 "toml_datetime",
 "toml_edit",
]

[[package]]
name = "toml_datetime"
version = "0.6.9"
source = "registry+https://github.com/rust-lang/crates.io-index"
checksum = "3da5db5a963e24bc68be8b17b6fa82814bb22ee8660f192bb182771d498f09a3"
dependencies = [
 "serde",
]

[[package]]
name = "toml_edit"
version = "0.22.26"
source = "registry+https://github.com/rust-lang/crates.io-index"
checksum = "310068873db2c5b3e7659d2cc35d21855dbafa50d1ce336397c666e3cb08137e"
dependencies = [
 "indexmap",
 "serde",
 "serde_spanned",
 "toml_datetime",
 "toml_write",
 "winnow",
]

[[package]]
name = "toml_write"
version = "0.1.1"
source = "registry+https://github.com/rust-lang/crates.io-index"
checksum = "bfb942dfe1d8e29a7ee7fcbde5bd2b9a25fb89aa70caea2eba3bee836ff41076"

[[package]]
name = "tracing"
version = "0.1.41"
source = "registry+https://github.com/rust-lang/crates.io-index"
checksum = "784e0ac535deb450455cbfa28a6f0df145ea1bb7ae51b821cf5e7927fdcfbdd0"
dependencies = [
 "pin-project-lite",
 "tracing-attributes",
 "tracing-core",
]

[[package]]
name = "tracing-attributes"
version = "0.1.28"
source = "registry+https://github.com/rust-lang/crates.io-index"
checksum = "395ae124c09f9e6918a2310af6038fba074bcf474ac352496d5910dd59a2226d"
dependencies = [
 "proc-macro2",
 "quote",
 "syn",
]

[[package]]
name = "tracing-core"
version = "0.1.33"
source = "registry+https://github.com/rust-lang/crates.io-index"
checksum = "e672c95779cf947c5311f83787af4fa8fffd12fb27e4993211a84bdfd9610f9c"
dependencies = [
 "once_cell",
]

[[package]]
name = "tracing-subscriber"
version = "0.3.19"
source = "registry+https://github.com/rust-lang/crates.io-index"
checksum = "e8189decb5ac0fa7bc8b96b7cb9b2701d60d48805aca84a238004d665fcc4008"
dependencies = [
 "matchers",
 "once_cell",
 "regex",
 "sharded-slab",
 "thread_local",
 "tracing",
 "tracing-core",
]

[[package]]
name = "typed-arena"
version = "2.0.2"
source = "registry+https://github.com/rust-lang/crates.io-index"
checksum = "6af6ae20167a9ece4bcb41af5b80f8a1f1df981f6391189ce00fd257af04126a"

[[package]]
name = "unicode-ident"
version = "1.0.18"
source = "registry+https://github.com/rust-lang/crates.io-index"
checksum = "5a5f39404a5da50712a4c1eecf25e90dd62b613502b7e925fd4e4d19b5c96512"

[[package]]
name = "utf8parse"
version = "0.2.2"
source = "registry+https://github.com/rust-lang/crates.io-index"
checksum = "06abde3611657adf66d383f00b093d7faecc7fa57071cce2578660c9f1010821"

[[package]]
name = "uuid"
version = "1.17.0"
source = "registry+https://github.com/rust-lang/crates.io-index"
checksum = "3cf4199d1e5d15ddd86a694e4d0dffa9c323ce759fea589f00fef9d81cc1931d"
dependencies = [
 "getrandom",
 "js-sys",
 "wasm-bindgen",
]

[[package]]
name = "wait-timeout"
version = "0.2.1"
source = "registry+https://github.com/rust-lang/crates.io-index"
checksum = "09ac3b126d3914f9849036f826e054cbabdc8519970b8998ddaf3b5bd3c65f11"
dependencies = [
 "libc",
]

[[package]]
name = "wasi"
version = "0.14.2+wasi-0.2.4"
source = "registry+https://github.com/rust-lang/crates.io-index"
checksum = "9683f9a5a998d873c0d21fcbe3c083009670149a8fab228644b8bd36b2c48cb3"
dependencies = [
 "wit-bindgen-rt",
]

[[package]]
name = "wasm-bindgen"
version = "0.2.100"
source = "registry+https://github.com/rust-lang/crates.io-index"
checksum = "1edc8929d7499fc4e8f0be2262a241556cfc54a0bea223790e71446f2aab1ef5"
dependencies = [
 "cfg-if",
 "once_cell",
 "rustversion",
 "wasm-bindgen-macro",
]

[[package]]
name = "wasm-bindgen-backend"
version = "0.2.100"
source = "registry+https://github.com/rust-lang/crates.io-index"
checksum = "2f0a0651a5c2bc21487bde11ee802ccaf4c51935d0d3d42a6101f98161700bc6"
dependencies = [
 "bumpalo",
 "log",
 "proc-macro2",
 "quote",
 "syn",
 "wasm-bindgen-shared",
]

[[package]]
name = "wasm-bindgen-macro"
version = "0.2.100"
source = "registry+https://github.com/rust-lang/crates.io-index"
checksum = "7fe63fc6d09ed3792bd0897b314f53de8e16568c2b3f7982f468c0bf9bd0b407"
dependencies = [
 "quote",
 "wasm-bindgen-macro-support",
]

[[package]]
name = "wasm-bindgen-macro-support"
version = "0.2.100"
source = "registry+https://github.com/rust-lang/crates.io-index"
checksum = "8ae87ea40c9f689fc23f209965b6fb8a99ad69aeeb0231408be24920604395de"
dependencies = [
 "proc-macro2",
 "quote",
 "syn",
 "wasm-bindgen-backend",
 "wasm-bindgen-shared",
]

[[package]]
name = "wasm-bindgen-shared"
version = "0.2.100"
source = "registry+https://github.com/rust-lang/crates.io-index"
checksum = "1a05d73b933a847d6cccdda8f838a22ff101ad9bf93e33684f39c1f5f0eece3d"
dependencies = [
 "unicode-ident",
]

[[package]]
name = "which"
version = "7.0.3"
source = "registry+https://github.com/rust-lang/crates.io-index"
checksum = "24d643ce3fd3e5b54854602a080f34fb10ab75e0b813ee32d00ca2b44fa74762"
dependencies = [
 "either",
 "env_home",
 "rustix",
 "winsafe",
]

[[package]]
name = "wild-linker"
version = "0.5.0"
dependencies = [
 "anyhow",
 "dhat",
 "fd-lock",
 "itertools",
 "libc",
 "libwild",
 "linker-diff",
 "mimalloc",
 "object 0.37.0",
 "os_info",
 "rstest",
 "serde",
 "strum",
 "strum_macros",
 "toml",
 "wait-timeout",
 "which",
]

[[package]]
name = "windows-sys"
version = "0.52.0"
source = "registry+https://github.com/rust-lang/crates.io-index"
checksum = "282be5f36a8ce781fad8c8ae18fa3f9beff57ec1b52cb3de0789201425d9a33d"
dependencies = [
 "windows-targets",
]

[[package]]
name = "windows-sys"
version = "0.59.0"
source = "registry+https://github.com/rust-lang/crates.io-index"
checksum = "1e38bc4d79ed67fd075bcc251a1c39b32a1776bbe92e5bef1f0bf1f8c531853b"
dependencies = [
 "windows-targets",
]

[[package]]
name = "windows-targets"
version = "0.52.6"
source = "registry+https://github.com/rust-lang/crates.io-index"
checksum = "9b724f72796e036ab90c1021d4780d4d3d648aca59e491e6b98e725b84e99973"
dependencies = [
 "windows_aarch64_gnullvm",
 "windows_aarch64_msvc",
 "windows_i686_gnu",
 "windows_i686_gnullvm",
 "windows_i686_msvc",
 "windows_x86_64_gnu",
 "windows_x86_64_gnullvm",
 "windows_x86_64_msvc",
]

[[package]]
name = "windows_aarch64_gnullvm"
version = "0.52.6"
source = "registry+https://github.com/rust-lang/crates.io-index"
checksum = "32a4622180e7a0ec044bb555404c800bc9fd9ec262ec147edd5989ccd0c02cd3"

[[package]]
name = "windows_aarch64_msvc"
version = "0.52.6"
source = "registry+https://github.com/rust-lang/crates.io-index"
checksum = "09ec2a7bb152e2252b53fa7803150007879548bc709c039df7627cabbd05d469"

[[package]]
name = "windows_i686_gnu"
version = "0.52.6"
source = "registry+https://github.com/rust-lang/crates.io-index"
checksum = "8e9b5ad5ab802e97eb8e295ac6720e509ee4c243f69d781394014ebfe8bbfa0b"

[[package]]
name = "windows_i686_gnullvm"
version = "0.52.6"
source = "registry+https://github.com/rust-lang/crates.io-index"
checksum = "0eee52d38c090b3caa76c563b86c3a4bd71ef1a819287c19d586d7334ae8ed66"

[[package]]
name = "windows_i686_msvc"
version = "0.52.6"
source = "registry+https://github.com/rust-lang/crates.io-index"
checksum = "240948bc05c5e7c6dabba28bf89d89ffce3e303022809e73deaefe4f6ec56c66"

[[package]]
name = "windows_x86_64_gnu"
version = "0.52.6"
source = "registry+https://github.com/rust-lang/crates.io-index"
checksum = "147a5c80aabfbf0c7d901cb5895d1de30ef2907eb21fbbab29ca94c5b08b1a78"

[[package]]
name = "windows_x86_64_gnullvm"
version = "0.52.6"
source = "registry+https://github.com/rust-lang/crates.io-index"
checksum = "24d5b23dc417412679681396f2b49f3de8c1473deb516bd34410872eff51ed0d"

[[package]]
name = "windows_x86_64_msvc"
version = "0.52.6"
source = "registry+https://github.com/rust-lang/crates.io-index"
checksum = "589f6da84c646204747d1270a2a5661ea66ed1cced2631d546fdfb155959f9ec"

[[package]]
name = "winnow"
version = "0.7.10"
source = "registry+https://github.com/rust-lang/crates.io-index"
checksum = "c06928c8748d81b05c9be96aad92e1b6ff01833332f281e8cfca3be4b35fc9ec"
dependencies = [
 "memchr",
]

[[package]]
name = "winsafe"
version = "0.0.19"
source = "registry+https://github.com/rust-lang/crates.io-index"
checksum = "d135d17ab770252ad95e9a872d365cf3090e3be864a34ab46f48555993efc904"

[[package]]
name = "wit-bindgen-rt"
version = "0.39.0"
source = "registry+https://github.com/rust-lang/crates.io-index"
checksum = "6f42320e61fe2cfd34354ecb597f86f413484a798ba44a8ca1165c58d42da6c1"
dependencies = [
 "bitflags",
]

[[package]]
name = "zlib-rs"
version = "0.5.0"
source = "registry+https://github.com/rust-lang/crates.io-index"
checksum = "868b928d7949e09af2f6086dfc1e01936064cc7a819253bce650d4e2a2d63ba8"

[[package]]
name = "zstd"
version = "0.13.3"
source = "registry+https://github.com/rust-lang/crates.io-index"
checksum = "e91ee311a569c327171651566e07972200e76fcfe2242a4fa446149a3881c08a"
dependencies = [
 "zstd-safe",
]

[[package]]
name = "zstd-safe"
version = "7.2.4"
source = "registry+https://github.com/rust-lang/crates.io-index"
checksum = "8f49c4d5f0abb602a93fb8736af2a4f4dd9512e36f7f570d66e65ff867ed3b9d"
dependencies = [
 "zstd-sys",
]

[[package]]
name = "zstd-sys"
version = "2.0.15+zstd.1.5.7"
source = "registry+https://github.com/rust-lang/crates.io-index"
checksum = "eb81183ddd97d0c74cedf1d50d85c8d08c1b8b68ee863bdee9e706eedba1a237"
dependencies = [
 "cc",
 "pkg-config",
]
