# This file is automatically @generated by Cargo.
# It is not intended for manual editing.
version = 4

[[package]]
name = "addr2line"
version = "0.24.2"
source = "registry+https://github.com/rust-lang/crates.io-index"
checksum = "dfbe277e56a376000877090da837660b4427aad530e3028d44e0bffe4f89a1c1"
dependencies = [
 "gimli",
]

[[package]]
name = "adler2"
version = "2.0.0"
source = "registry+https://github.com/rust-lang/crates.io-index"
checksum = "512761e0bb2578dd7380c6baaa0f4ce03e84f95e960231d1dec8bf4d7d6e2627"

[[package]]
name = "ahash"
version = "0.8.11"
source = "registry+https://github.com/rust-lang/crates.io-index"
checksum = "e89da841a80418a9b391ebaea17f5c112ffaaa96f621d2c285b5174da76b9011"
dependencies = [
 "cfg-if",
 "once_cell",
 "version_check",
 "zerocopy",
]

[[package]]
name = "aho-corasick"
version = "1.1.3"
source = "registry+https://github.com/rust-lang/crates.io-index"
checksum = "8e60d3430d3a69478ad0993f19238d2df97c507009a52b3c10addcd7f6bcb916"
dependencies = [
 "memchr",
]

[[package]]
name = "anstream"
version = "0.6.18"
source = "registry+https://github.com/rust-lang/crates.io-index"
checksum = "8acc5369981196006228e28809f761875c0327210a891e941f4c683b3a99529b"
dependencies = [
 "anstyle",
 "anstyle-parse",
 "anstyle-query",
 "anstyle-wincon",
 "colorchoice",
 "is_terminal_polyfill",
 "utf8parse",
]

[[package]]
name = "anstyle"
version = "1.0.10"
source = "registry+https://github.com/rust-lang/crates.io-index"
checksum = "55cc3b69f167a1ef2e161439aa98aed94e6028e5f9a59be9a6ffb47aef1651f9"

[[package]]
name = "anstyle-parse"
version = "0.2.6"
source = "registry+https://github.com/rust-lang/crates.io-index"
checksum = "3b2d16507662817a6a20a9ea92df6652ee4f94f914589377d69f3b21bc5798a9"
dependencies = [
 "utf8parse",
]

[[package]]
name = "anstyle-query"
version = "1.1.2"
source = "registry+https://github.com/rust-lang/crates.io-index"
checksum = "79947af37f4177cfead1110013d678905c37501914fba0efea834c3fe9a8d60c"
dependencies = [
 "windows-sys 0.59.0",
]

[[package]]
name = "anstyle-wincon"
version = "3.0.7"
source = "registry+https://github.com/rust-lang/crates.io-index"
checksum = "ca3534e77181a9cc07539ad51f2141fe32f6c3ffd4df76db8ad92346b003ae4e"
dependencies = [
 "anstyle",
 "once_cell",
 "windows-sys 0.59.0",
]

[[package]]
name = "anyhow"
version = "1.0.97"
source = "registry+https://github.com/rust-lang/crates.io-index"
checksum = "dcfed56ad506cb2c684a14971b8861fdc3baaaae314b9e5f9bb532cbe3ba7a4f"

[[package]]
name = "ar"
version = "0.9.0"
source = "registry+https://github.com/rust-lang/crates.io-index"
checksum = "d67af77d68a931ecd5cbd8a3b5987d63a1d1d1278f7f6a60ae33db485cdebb69"

[[package]]
name = "arrayref"
version = "0.3.9"
source = "registry+https://github.com/rust-lang/crates.io-index"
checksum = "76a2e8124351fda1ef8aaaa3bbd7ebbcb486bbcd4225aca0aa0d84bb2db8fecb"

[[package]]
name = "arrayvec"
version = "0.7.6"
source = "registry+https://github.com/rust-lang/crates.io-index"
checksum = "7c02d123df017efcdfbd739ef81735b36c5ba83ec3c59c80a9d7ecc718f92e50"

[[package]]
name = "ascii_table"
version = "4.0.6"
source = "registry+https://github.com/rust-lang/crates.io-index"
checksum = "8bc070afe45e3d9e628b82d77d61c90531dc6997b341d57715b82461af415669"

[[package]]
name = "atomic-polyfill"
version = "1.0.3"
source = "registry+https://github.com/rust-lang/crates.io-index"
checksum = "8cf2bce30dfe09ef0bfaef228b9d414faaf7e563035494d7fe092dba54b300f4"
dependencies = [
 "critical-section",
]

[[package]]
name = "atomic-take"
version = "1.1.0"
source = "registry+https://github.com/rust-lang/crates.io-index"
checksum = "a8ab6b55fe97976e46f91ddbed8d147d966475dc29b2032757ba47e02376fbc3"

[[package]]
name = "autocfg"
version = "1.4.0"
source = "registry+https://github.com/rust-lang/crates.io-index"
checksum = "ace50bade8e6234aa140d9a2f552bbee1db4d353f69b8217bc503490fc1a9f26"

[[package]]
name = "backtrace"
version = "0.3.74"
source = "registry+https://github.com/rust-lang/crates.io-index"
checksum = "8d82cb332cdfaed17ae235a638438ac4d4839913cc2af585c3c6746e8f8bee1a"
dependencies = [
 "addr2line",
 "cfg-if",
 "libc",
 "miniz_oxide",
 "object",
 "rustc-demangle",
 "windows-targets",
]

[[package]]
name = "bitflags"
version = "2.9.0"
source = "registry+https://github.com/rust-lang/crates.io-index"
checksum = "5c8214115b7bf84099f1309324e63141d4c5d7cc26862f97a0a857dbefe165bd"

[[package]]
name = "blake3"
version = "1.8.0"
source = "registry+https://github.com/rust-lang/crates.io-index"
checksum = "34a796731680be7931955498a16a10b2270c7762963d5d570fdbfe02dcbf314f"
dependencies = [
 "arrayref",
 "arrayvec",
 "cc",
 "cfg-if",
 "constant_time_eq",
 "rayon-core",
]

[[package]]
name = "bumpalo"
version = "3.17.0"
source = "registry+https://github.com/rust-lang/crates.io-index"
checksum = "1628fb46dfa0b37568d12e5edd512553eccf6a22a78e8bde00bb4aed84d5bdbf"

[[package]]
name = "bumpalo-herd"
version = "0.1.2"
source = "registry+https://github.com/rust-lang/crates.io-index"
checksum = "c51ab7ee02d3459317cc16fec045966c9120733a10229541acaf3cc81b137c95"
dependencies = [
 "bumpalo",
]

[[package]]
name = "bytemuck"
version = "1.22.0"
source = "registry+https://github.com/rust-lang/crates.io-index"
checksum = "b6b1fc10dbac614ebc03540c9dbd60e83887fda27794998c6528f1782047d540"
dependencies = [
 "bytemuck_derive",
]

[[package]]
name = "bytemuck_derive"
version = "1.8.1"
source = "registry+https://github.com/rust-lang/crates.io-index"
checksum = "3fa76293b4f7bb636ab88fd78228235b5248b4d05cc589aed610f954af5d7c7a"
dependencies = [
 "proc-macro2",
 "quote",
 "syn",
]

[[package]]
name = "byteorder"
version = "1.5.0"
source = "registry+https://github.com/rust-lang/crates.io-index"
checksum = "1fd0f2584146f6f2ef48085050886acf353beff7305ebd1ae69500e27c67f64b"

[[package]]
name = "bytesize"
version = "2.0.1"
source = "registry+https://github.com/rust-lang/crates.io-index"
checksum = "a3c8f83209414aacf0eeae3cf730b18d6981697fba62f200fcfb92b9f082acba"

[[package]]
name = "cc"
version = "1.2.14"
source = "registry+https://github.com/rust-lang/crates.io-index"
checksum = "0c3d1b2e905a3a7b00a6141adb0e4c0bb941d11caf55349d863942a1cc44e3c9"
dependencies = [
 "jobserver",
 "libc",
 "shlex",
]

[[package]]
name = "cfg-if"
version = "1.0.0"
source = "registry+https://github.com/rust-lang/crates.io-index"
checksum = "baf1de4339761588bc0619e3cbc0120ee582ebb74b53b4efbf79117bd2da40fd"

[[package]]
name = "clap"
version = "4.5.34"
source = "registry+https://github.com/rust-lang/crates.io-index"
checksum = "e958897981290da2a852763fe9cdb89cd36977a5d729023127095fa94d95e2ff"
dependencies = [
 "clap_builder",
 "clap_derive",
]

[[package]]
name = "clap_builder"
version = "4.5.34"
source = "registry+https://github.com/rust-lang/crates.io-index"
checksum = "83b0f35019843db2160b5bb19ae09b4e6411ac33fc6a712003c33e03090e2489"
dependencies = [
 "anstream",
 "anstyle",
 "clap_lex",
 "strsim",
]

[[package]]
name = "clap_derive"
version = "4.5.32"
source = "registry+https://github.com/rust-lang/crates.io-index"
checksum = "09176aae279615badda0765c0c0b3f6ed53f4709118af73cf4655d85d1530cd7"
dependencies = [
 "heck",
 "proc-macro2",
 "quote",
 "syn",
]

[[package]]
name = "clap_lex"
version = "0.7.4"
source = "registry+https://github.com/rust-lang/crates.io-index"
checksum = "f46ad14479a25103f283c0f10005961cf086d8dc42205bb44c46ac563475dca6"

[[package]]
name = "cobs"
version = "0.2.3"
source = "registry+https://github.com/rust-lang/crates.io-index"
checksum = "67ba02a97a2bd10f4b59b25c7973101c79642302776489e030cd13cdab09ed15"

[[package]]
name = "colorchoice"
version = "1.0.3"
source = "registry+https://github.com/rust-lang/crates.io-index"
checksum = "5b63caa9aa9397e2d9480a9b13673856c78d8ac123288526c37d7839f2a86990"

[[package]]
name = "colored"
version = "3.0.0"
source = "registry+https://github.com/rust-lang/crates.io-index"
checksum = "fde0e0ec90c9dfb3b4b1a0891a7dcd0e2bffde2f7efed5fe7c9bb00e5bfb915e"
dependencies = [
 "windows-sys 0.59.0",
]

[[package]]
name = "constant_time_eq"
version = "0.3.1"
source = "registry+https://github.com/rust-lang/crates.io-index"
checksum = "7c74b8349d32d297c9134b8c88677813a227df8f779daa29bfc29c183fe3dca6"

[[package]]
name = "cpp_demangle"
version = "0.4.4"
source = "registry+https://github.com/rust-lang/crates.io-index"
checksum = "96e58d342ad113c2b878f16d5d034c03be492ae460cdbc02b7f0f2284d310c7d"
dependencies = [
 "cfg-if",
]

[[package]]
name = "crc32fast"
version = "1.4.2"
source = "registry+https://github.com/rust-lang/crates.io-index"
checksum = "a97769d94ddab943e4510d138150169a2758b5ef3eb191a9ee688de3e23ef7b3"
dependencies = [
 "cfg-if",
]

[[package]]
name = "critical-section"
version = "1.2.0"
source = "registry+https://github.com/rust-lang/crates.io-index"
checksum = "790eea4361631c5e7d22598ecd5723ff611904e3344ce8720784c93e3d83d40b"

[[package]]
name = "crossbeam-deque"
version = "0.8.6"
source = "registry+https://github.com/rust-lang/crates.io-index"
checksum = "9dd111b7b7f7d55b72c0a6ae361660ee5853c9af73f70c3c2ef6858b950e2e51"
dependencies = [
 "crossbeam-epoch",
 "crossbeam-utils",
]

[[package]]
name = "crossbeam-epoch"
version = "0.9.18"
source = "registry+https://github.com/rust-lang/crates.io-index"
checksum = "5b82ac4a3c2ca9c3460964f020e1402edd5753411d7737aa39c3714ad1b5420e"
dependencies = [
 "crossbeam-utils",
]

[[package]]
name = "crossbeam-queue"
version = "0.3.12"
source = "registry+https://github.com/rust-lang/crates.io-index"
checksum = "0f58bbc28f91df819d0aa2a2c00cd19754769c2fad90579b3592b1c9ba7a3115"
dependencies = [
 "crossbeam-utils",
]

[[package]]
name = "crossbeam-utils"
version = "0.8.21"
source = "registry+https://github.com/rust-lang/crates.io-index"
checksum = "d0a5c400df2834b80a4c3327b3aad3a4c4cd4de0629063962b03235697506a28"

[[package]]
name = "debugid"
version = "0.8.0"
source = "registry+https://github.com/rust-lang/crates.io-index"
checksum = "bef552e6f588e446098f6ba40d89ac146c8c7b64aade83c051ee00bb5d2bc18d"
dependencies = [
 "uuid",
]

[[package]]
name = "dhat"
version = "0.3.3"
source = "registry+https://github.com/rust-lang/crates.io-index"
checksum = "98cd11d84628e233de0ce467de10b8633f4ddaecafadefc86e13b84b8739b827"
dependencies = [
 "backtrace",
 "lazy_static",
 "mintex",
 "parking_lot",
 "rustc-hash",
 "serde",
 "serde_json",
 "thousands",
]

[[package]]
name = "either"
version = "1.13.0"
source = "registry+https://github.com/rust-lang/crates.io-index"
checksum = "60b1af1c220855b6ceac025d3f6ecdd2b7c4894bfe9cd9bda4fbb4bc7c0d4cf0"

[[package]]
name = "embedded-io"
version = "0.4.0"
source = "registry+https://github.com/rust-lang/crates.io-index"
checksum = "ef1a6892d9eef45c8fa6b9e0086428a2cca8491aca8f787c534a3d6d0bcb3ced"

[[package]]
name = "embedded-io"
version = "0.6.1"
source = "registry+https://github.com/rust-lang/crates.io-index"
checksum = "edd0f118536f44f5ccd48bcb8b111bdc3de888b58c74639dfb034a357d0f206d"

[[package]]
name = "env_home"
version = "0.1.0"
source = "registry+https://github.com/rust-lang/crates.io-index"
checksum = "c7f84e12ccf0a7ddc17a6c41c93326024c42920d7ee630d04950e6926645c0fe"

[[package]]
name = "equivalent"
version = "1.0.2"
source = "registry+https://github.com/rust-lang/crates.io-index"
checksum = "877a4ace8713b0bcf2a4e7eec82529c029f1d0619886d18145fea96c3ffe5c0f"

[[package]]
name = "errno"
version = "0.3.10"
source = "registry+https://github.com/rust-lang/crates.io-index"
checksum = "33d852cb9b869c2a9b3df2f71a3074817f01e1844f839a144f5fcef059a4eb5d"
dependencies = [
 "libc",
 "windows-sys 0.59.0",
]

[[package]]
name = "fallible-iterator"
version = "0.3.0"
source = "registry+https://github.com/rust-lang/crates.io-index"
checksum = "2acce4a10f12dc2fb14a218589d4f1f62ef011b2d0cc4b3cb1bba8e94da14649"

[[package]]
name = "fastrand"
version = "2.3.0"
source = "registry+https://github.com/rust-lang/crates.io-index"
checksum = "37909eebbb50d72f9059c3b6d82c0463f2ff062c9e95845c43a6c9c0355411be"

[[package]]
name = "fd-lock"
version = "4.0.4"
source = "registry+https://github.com/rust-lang/crates.io-index"
checksum = "0ce92ff622d6dadf7349484f42c93271a0d49b7cc4d466a936405bacbe10aa78"
dependencies = [
 "cfg-if",
 "rustix 1.0.2",
 "windows-sys 0.59.0",
]

[[package]]
name = "flate2"
version = "1.1.0"
source = "registry+https://github.com/rust-lang/crates.io-index"
checksum = "11faaf5a5236997af9848be0bef4db95824b1d534ebc64d0f0c6cf3e67bd38dc"
dependencies = [
 "crc32fast",
 "libz-rs-sys",
 "miniz_oxide",
]

[[package]]
name = "futures-core"
version = "0.3.31"
source = "registry+https://github.com/rust-lang/crates.io-index"
checksum = "05f29059c0c2090612e8d742178b0580d2dc940c837851ad723096f87af6663e"

[[package]]
name = "futures-macro"
version = "0.3.31"
source = "registry+https://github.com/rust-lang/crates.io-index"
checksum = "162ee34ebcb7c64a8abebc059ce0fee27c2262618d7b60ed8faf72fef13c3650"
dependencies = [
 "proc-macro2",
 "quote",
 "syn",
]

[[package]]
name = "futures-task"
version = "0.3.31"
source = "registry+https://github.com/rust-lang/crates.io-index"
checksum = "f90f7dce0722e95104fcb095585910c0977252f286e354b5e3bd38902cd99988"

[[package]]
name = "futures-timer"
version = "3.0.3"
source = "registry+https://github.com/rust-lang/crates.io-index"
checksum = "f288b0a4f20f9a56b5d1da57e2227c661b7b16168e2f72365f57b63326e29b24"

[[package]]
name = "futures-util"
version = "0.3.31"
source = "registry+https://github.com/rust-lang/crates.io-index"
checksum = "9fa08315bb612088cc391249efdc3bc77536f16c91f6cf495e6fbe85b20a4a81"
dependencies = [
 "futures-core",
 "futures-macro",
 "futures-task",
 "pin-project-lite",
 "pin-utils",
 "slab",
]

[[package]]
name = "getrandom"
version = "0.3.1"
source = "registry+https://github.com/rust-lang/crates.io-index"
checksum = "43a49c392881ce6d5c3b8cb70f98717b7c07aabbdff06687b9030dbfbe2725f8"
dependencies = [
 "cfg-if",
 "libc",
 "wasi",
 "windows-targets",
]

[[package]]
name = "gimli"
version = "0.31.1"
source = "registry+https://github.com/rust-lang/crates.io-index"
checksum = "07e28edb80900c19c28f1072f2e8aeca7fa06b23cd4169cefe1af5aa3260783f"
dependencies = [
 "fallible-iterator",
 "indexmap",
 "stable_deref_trait",
]

[[package]]
name = "glob"
version = "0.3.2"
source = "registry+https://github.com/rust-lang/crates.io-index"
checksum = "a8d1add55171497b4705a648c6b583acafb01d58050a51727785f0b2c8e0a2b2"

[[package]]
name = "hash32"
version = "0.2.1"
source = "registry+https://github.com/rust-lang/crates.io-index"
checksum = "b0c35f58762feb77d74ebe43bdbc3210f09be9fe6742234d573bacc26ed92b67"
dependencies = [
 "byteorder",
]

[[package]]
name = "hashbrown"
version = "0.15.2"
source = "registry+https://github.com/rust-lang/crates.io-index"
checksum = "bf151400ff0baff5465007dd2f3e717f3fe502074ca563069ce3a6629d07b289"

[[package]]
name = "heapless"
version = "0.7.17"
source = "registry+https://github.com/rust-lang/crates.io-index"
checksum = "cdc6457c0eb62c71aac4bc17216026d8410337c4126773b9c5daba343f17964f"
dependencies = [
 "atomic-polyfill",
 "hash32",
 "rustc_version",
 "serde",
 "spin",
 "stable_deref_trait",
]

[[package]]
name = "heck"
version = "0.5.0"
source = "registry+https://github.com/rust-lang/crates.io-index"
checksum = "2304e00983f87ffb38b55b444b5e3b60a884b5d30c0fca7d82fe33449bbe55ea"

[[package]]
name = "hex"
version = "0.4.3"
source = "registry+https://github.com/rust-lang/crates.io-index"
checksum = "7f24254aa9a54b5c858eaee2f5bccdb46aaf0e486a595ed5fd8f86ba55232a70"

[[package]]
name = "iced-x86"
version = "1.21.0"
source = "registry+https://github.com/rust-lang/crates.io-index"
checksum = "7c447cff8c7f384a7d4f741cfcff32f75f3ad02b406432e8d6c878d56b1edf6b"
dependencies = [
 "lazy_static",
]

[[package]]
name = "indexmap"
version = "2.7.1"
source = "registry+https://github.com/rust-lang/crates.io-index"
checksum = "8c9c992b02b5b4c94ea26e32fe5bccb7aa7d9f390ab5c1221ff895bc7ea8b652"
dependencies = [
 "equivalent",
 "hashbrown",
]

[[package]]
name = "is_terminal_polyfill"
version = "1.70.1"
source = "registry+https://github.com/rust-lang/crates.io-index"
checksum = "7943c866cc5cd64cbc25b2e01621d07fa8eb2a1a23160ee81ce38704e97b8ecf"

[[package]]
name = "itertools"
version = "0.14.0"
source = "registry+https://github.com/rust-lang/crates.io-index"
checksum = "2b192c782037fadd9cfa75548310488aabdbf3d2da73885b31bd0abd03351285"
dependencies = [
 "either",
]

[[package]]
name = "itoa"
version = "1.0.14"
source = "registry+https://github.com/rust-lang/crates.io-index"
checksum = "d75a2a4b1b190afb6f5425f10f6a8f959d2ea0b9c2b1d79553551850539e4674"

[[package]]
name = "jobserver"
version = "0.1.32"
source = "registry+https://github.com/rust-lang/crates.io-index"
checksum = "48d1dbcbbeb6a7fec7e059840aa538bd62aaccf972c7346c4d9d2059312853d0"
dependencies = [
 "libc",
]

[[package]]
name = "lazy_static"
version = "1.5.0"
source = "registry+https://github.com/rust-lang/crates.io-index"
checksum = "bbd2bcb4c963f2ddae06a2efc7e9f3591312473c50c6685e1f298068316e66fe"

[[package]]
name = "libc"
version = "0.2.171"
source = "registry+https://github.com/rust-lang/crates.io-index"
checksum = "c19937216e9d3aa9956d9bb8dfc0b0c8beb6058fc4f7a4dc4d850edf86a237d6"

[[package]]
name = "libmimalloc-sys"
version = "0.1.40"
source = "registry+https://github.com/rust-lang/crates.io-index"
checksum = "07d0e07885d6a754b9c7993f2625187ad694ee985d60f23355ff0e7077261502"
dependencies = [
 "cc",
 "libc",
]

[[package]]
name = "libwild"
version = "0.4.0"
dependencies = [
 "ahash",
 "anyhow",
 "ar",
 "atomic-take",
 "bitflags",
 "blake3",
 "bumpalo-herd",
 "bytemuck",
 "bytesize",
 "crossbeam-queue",
 "crossbeam-utils",
 "flate2",
 "hex",
 "itertools",
 "libc",
 "linker-layout",
 "linker-trace",
 "linker-utils",
 "memchr",
 "memmap2",
 "normalize-path",
 "object",
 "rayon",
 "sharded-offset-map",
 "sharded-vec-writer",
 "smallvec",
 "symbolic-demangle",
 "tracing",
 "tracing-subscriber",
 "typed-arena",
 "uuid",
 "winnow",
 "zstd",
]

[[package]]
name = "libz-rs-sys"
version = "0.4.2"
source = "registry+https://github.com/rust-lang/crates.io-index"
checksum = "902bc563b5d65ad9bba616b490842ef0651066a1a1dc3ce1087113ffcb873c8d"
dependencies = [
 "zlib-rs",
]

[[package]]
name = "linker-diff"
version = "0.4.0"
dependencies = [
 "anyhow",
 "ascii_table",
 "bytemuck",
 "clap",
 "colored",
 "fallible-iterator",
 "gimli",
 "iced-x86",
 "itertools",
 "linker-layout",
 "linker-trace",
 "linker-utils",
 "memchr",
 "memmap2",
 "object",
 "rayon",
 "symbolic-demangle",
 "tempfile",
 "tracing",
 "tracing-subscriber",
 "which",
]

[[package]]
name = "linker-layout"
version = "0.4.0"
dependencies = [
 "anyhow",
 "postcard",
 "serde",
]

[[package]]
name = "linker-trace"
version = "0.4.0"
dependencies = [
 "anyhow",
 "postcard",
 "serde",
]

[[package]]
name = "linker-utils"
version = "0.4.0"
dependencies = [
 "anyhow",
 "object",
]

[[package]]
name = "linux-raw-sys"
version = "0.4.15"
source = "registry+https://github.com/rust-lang/crates.io-index"
checksum = "d26c52dbd32dccf2d10cac7725f8eae5296885fb5703b261f7d0a0739ec807ab"

[[package]]
name = "linux-raw-sys"
version = "0.9.2"
source = "registry+https://github.com/rust-lang/crates.io-index"
checksum = "6db9c683daf087dc577b7506e9695b3d556a9f3849903fa28186283afd6809e9"

[[package]]
name = "lock_api"
version = "0.4.12"
source = "registry+https://github.com/rust-lang/crates.io-index"
checksum = "07af8b9cdd281b7915f413fa73f29ebd5d55d0d3f0155584dade1ff18cea1b17"
dependencies = [
 "autocfg",
 "scopeguard",
]

[[package]]
name = "log"
version = "0.4.25"
source = "registry+https://github.com/rust-lang/crates.io-index"
checksum = "04cbf5b083de1c7e0222a7a51dbfdba1cbe1c6ab0b15e29fff3f6c077fd9cd9f"

[[package]]
name = "matchers"
version = "0.1.0"
source = "registry+https://github.com/rust-lang/crates.io-index"
checksum = "8263075bb86c5a1b1427b5ae862e8889656f126e9f77c484496e8b47cf5c5558"
dependencies = [
 "regex-automata 0.1.10",
]

[[package]]
name = "memchr"
version = "2.7.4"
source = "registry+https://github.com/rust-lang/crates.io-index"
checksum = "78ca9ab1a0babb1e7d5695e3530886289c18cf2f87ec19a575a0abdce112e3a3"

[[package]]
name = "memmap2"
version = "0.9.5"
source = "registry+https://github.com/rust-lang/crates.io-index"
checksum = "fd3f7eed9d3848f8b98834af67102b720745c4ec028fcd0aa0239277e7de374f"
dependencies = [
 "libc",
]

[[package]]
name = "mimalloc"
version = "0.1.44"
source = "registry+https://github.com/rust-lang/crates.io-index"
checksum = "99585191385958383e13f6b822e6b6d8d9cf928e7d286ceb092da92b43c87bc1"
dependencies = [
 "libmimalloc-sys",
]

[[package]]
name = "miniz_oxide"
version = "0.8.4"
source = "registry+https://github.com/rust-lang/crates.io-index"
checksum = "b3b1c9bd4fe1f0f8b387f6eb9eb3b4a1aa26185e5750efb9140301703f62cd1b"
dependencies = [
 "adler2",
]

[[package]]
name = "mintex"
version = "0.1.3"
source = "registry+https://github.com/rust-lang/crates.io-index"
checksum = "9bec4598fddb13cc7b528819e697852653252b760f1228b7642679bf2ff2cd07"

[[package]]
name = "msvc-demangler"
version = "0.10.1"
source = "registry+https://github.com/rust-lang/crates.io-index"
checksum = "c4c25a3bb7d880e8eceab4822f3141ad0700d20f025991c1f03bd3d00219a5fc"
dependencies = [
 "bitflags",
]

[[package]]
name = "normalize-path"
version = "0.2.1"
source = "registry+https://github.com/rust-lang/crates.io-index"
checksum = "f5438dd2b2ff4c6df6e1ce22d825ed2fa93ee2922235cc45186991717f0a892d"

[[package]]
name = "nu-ansi-term"
version = "0.46.0"
source = "registry+https://github.com/rust-lang/crates.io-index"
checksum = "77a8165726e8236064dbb45459242600304b42a5ea24ee2948e18e023bf7ba84"
dependencies = [
 "overload",
 "winapi",
]

[[package]]
name = "object"
version = "0.36.7"
source = "registry+https://github.com/rust-lang/crates.io-index"
checksum = "62948e14d923ea95ea2c7c86c71013138b66525b86bdc08d2dcc262bdb497b87"
dependencies = [
 "memchr",
]

[[package]]
name = "once_cell"
version = "1.20.3"
source = "registry+https://github.com/rust-lang/crates.io-index"
checksum = "945462a4b81e43c4e3ba96bd7b49d834c6f61198356aa858733bc4acf3cbe62e"

[[package]]
name = "os_info"
version = "3.10.0"
source = "registry+https://github.com/rust-lang/crates.io-index"
checksum = "2a604e53c24761286860eba4e2c8b23a0161526476b1de520139d69cdb85a6b5"
dependencies = [
 "log",
 "serde",
 "windows-sys 0.52.0",
]

[[package]]
name = "overload"
version = "0.1.1"
source = "registry+https://github.com/rust-lang/crates.io-index"
checksum = "b15813163c1d831bf4a13c3610c05c0d03b39feb07f7e09fa234dac9b15aaf39"

[[package]]
name = "parking_lot"
version = "0.12.3"
source = "registry+https://github.com/rust-lang/crates.io-index"
checksum = "f1bf18183cf54e8d6059647fc3063646a1801cf30896933ec2311622cc4b9a27"
dependencies = [
 "lock_api",
 "parking_lot_core",
]

[[package]]
name = "parking_lot_core"
version = "0.9.10"
source = "registry+https://github.com/rust-lang/crates.io-index"
checksum = "1e401f977ab385c9e4e3ab30627d6f26d00e2c73eef317493c4ec6d468726cf8"
dependencies = [
 "cfg-if",
 "libc",
 "redox_syscall",
 "smallvec",
 "windows-targets",
]

[[package]]
name = "pin-project-lite"
version = "0.2.16"
source = "registry+https://github.com/rust-lang/crates.io-index"
checksum = "3b3cff922bd51709b605d9ead9aa71031d81447142d828eb4a6eba76fe619f9b"

[[package]]
name = "pin-utils"
version = "0.1.0"
source = "registry+https://github.com/rust-lang/crates.io-index"
checksum = "8b870d8c151b6f2fb93e84a13146138f05d02ed11c7e7c54f8826aaaf7c9f184"

[[package]]
name = "pkg-config"
version = "0.3.31"
source = "registry+https://github.com/rust-lang/crates.io-index"
checksum = "953ec861398dccce10c670dfeaf3ec4911ca479e9c02154b3a215178c5f566f2"

[[package]]
name = "postcard"
version = "1.1.1"
source = "registry+https://github.com/rust-lang/crates.io-index"
checksum = "170a2601f67cc9dba8edd8c4870b15f71a6a2dc196daec8c83f72b59dff628a8"
dependencies = [
 "cobs",
 "embedded-io 0.4.0",
 "embedded-io 0.6.1",
 "heapless",
 "serde",
]

[[package]]
name = "proc-macro-crate"
version = "3.2.0"
source = "registry+https://github.com/rust-lang/crates.io-index"
checksum = "8ecf48c7ca261d60b74ab1a7b20da18bede46776b2e55535cb958eb595c5fa7b"
dependencies = [
 "toml_edit",
]

[[package]]
name = "proc-macro2"
version = "1.0.93"
source = "registry+https://github.com/rust-lang/crates.io-index"
checksum = "60946a68e5f9d28b0dc1c21bb8a97ee7d018a8b322fa57838ba31cc878e22d99"
dependencies = [
 "unicode-ident",
]

[[package]]
name = "quote"
version = "1.0.38"
source = "registry+https://github.com/rust-lang/crates.io-index"
checksum = "0e4dccaaaf89514f546c693ddc140f729f958c247918a13380cccc6078391acc"
dependencies = [
 "proc-macro2",
]

[[package]]
name = "rayon"
version = "1.10.0"
source = "registry+https://github.com/rust-lang/crates.io-index"
checksum = "b418a60154510ca1a002a752ca9714984e21e4241e804d32555251faf8b78ffa"
dependencies = [
 "either",
 "rayon-core",
]

[[package]]
name = "rayon-core"
version = "1.12.1"
source = "registry+https://github.com/rust-lang/crates.io-index"
checksum = "1465873a3dfdaa8ae7cb14b4383657caab0b3e8a0aa9ae8e04b044854c8dfce2"
dependencies = [
 "crossbeam-deque",
 "crossbeam-utils",
]

[[package]]
name = "redox_syscall"
version = "0.5.8"
source = "registry+https://github.com/rust-lang/crates.io-index"
checksum = "03a862b389f93e68874fbf580b9de08dd02facb9a788ebadaf4a3fd33cf58834"
dependencies = [
 "bitflags",
]

[[package]]
name = "regex"
version = "1.11.1"
source = "registry+https://github.com/rust-lang/crates.io-index"
checksum = "b544ef1b4eac5dc2db33ea63606ae9ffcfac26c1416a2806ae0bf5f56b201191"
dependencies = [
 "aho-corasick",
 "memchr",
 "regex-automata 0.4.9",
 "regex-syntax 0.8.5",
]

[[package]]
name = "regex-automata"
version = "0.1.10"
source = "registry+https://github.com/rust-lang/crates.io-index"
checksum = "6c230d73fb8d8c1b9c0b3135c5142a8acee3a0558fb8db5cf1cb65f8d7862132"
dependencies = [
 "regex-syntax 0.6.29",
]

[[package]]
name = "regex-automata"
version = "0.4.9"
source = "registry+https://github.com/rust-lang/crates.io-index"
checksum = "809e8dc61f6de73b46c85f4c96486310fe304c434cfa43669d7b40f711150908"
dependencies = [
 "aho-corasick",
 "memchr",
 "regex-syntax 0.8.5",
]

[[package]]
name = "regex-syntax"
version = "0.6.29"
source = "registry+https://github.com/rust-lang/crates.io-index"
checksum = "f162c6dd7b008981e4d40210aca20b4bd0f9b60ca9271061b07f78537722f2e1"

[[package]]
name = "regex-syntax"
version = "0.8.5"
source = "registry+https://github.com/rust-lang/crates.io-index"
checksum = "2b15c43186be67a4fd63bee50d0303afffcef381492ebe2c5d87f324e1b8815c"

[[package]]
name = "relative-path"
version = "1.9.3"
source = "registry+https://github.com/rust-lang/crates.io-index"
checksum = "ba39f3699c378cd8970968dcbff9c43159ea4cfbd88d43c00b22f2ef10a435d2"

[[package]]
name = "rstest"
version = "0.25.0"
source = "registry+https://github.com/rust-lang/crates.io-index"
checksum = "6fc39292f8613e913f7df8fa892b8944ceb47c247b78e1b1ae2f09e019be789d"
dependencies = [
 "futures-timer",
 "futures-util",
 "rstest_macros",
 "rustc_version",
]

[[package]]
name = "rstest_macros"
version = "0.25.0"
source = "registry+https://github.com/rust-lang/crates.io-index"
checksum = "1f168d99749d307be9de54d23fd226628d99768225ef08f6ffb52e0182a27746"
dependencies = [
 "cfg-if",
 "glob",
 "proc-macro-crate",
 "proc-macro2",
 "quote",
 "regex",
 "relative-path",
 "rustc_version",
 "syn",
 "unicode-ident",
]

[[package]]
name = "rustc-demangle"
version = "0.1.24"
source = "registry+https://github.com/rust-lang/crates.io-index"
checksum = "719b953e2095829ee67db738b3bfa9fa368c94900df327b3f07fe6e794d2fe1f"

[[package]]
name = "rustc-hash"
version = "1.1.0"
source = "registry+https://github.com/rust-lang/crates.io-index"
checksum = "08d43f7aa6b08d49f382cde6a7982047c3426db949b1424bc4b7ec9ae12c6ce2"

[[package]]
name = "rustc_version"
version = "0.4.1"
source = "registry+https://github.com/rust-lang/crates.io-index"
checksum = "cfcb3a22ef46e85b45de6ee7e79d063319ebb6594faafcf1c225ea92ab6e9b92"
dependencies = [
 "semver",
]

[[package]]
name = "rustix"
version = "0.38.44"
source = "registry+https://github.com/rust-lang/crates.io-index"
checksum = "fdb5bc1ae2baa591800df16c9ca78619bf65c0488b41b96ccec5d11220d8c154"
dependencies = [
 "bitflags",
 "errno",
 "libc",
 "linux-raw-sys 0.4.15",
 "windows-sys 0.59.0",
]

[[package]]
name = "rustix"
version = "1.0.2"
source = "registry+https://github.com/rust-lang/crates.io-index"
checksum = "f7178faa4b75a30e269c71e61c353ce2748cf3d76f0c44c393f4e60abf49b825"
dependencies = [
 "bitflags",
 "errno",
 "libc",
 "linux-raw-sys 0.9.2",
 "windows-sys 0.59.0",
]

[[package]]
name = "rustversion"
version = "1.0.19"
source = "registry+https://github.com/rust-lang/crates.io-index"
checksum = "f7c45b9784283f1b2e7fb61b42047c2fd678ef0960d4f6f1eba131594cc369d4"

[[package]]
name = "ryu"
version = "1.0.19"
source = "registry+https://github.com/rust-lang/crates.io-index"
checksum = "6ea1a2d0a644769cc99faa24c3ad26b379b786fe7c36fd3c546254801650e6dd"

[[package]]
name = "scopeguard"
version = "1.2.0"
source = "registry+https://github.com/rust-lang/crates.io-index"
checksum = "94143f37725109f92c262ed2cf5e59bce7498c01bcc1502d7b9afe439a4e9f49"

[[package]]
name = "semver"
version = "1.0.25"
source = "registry+https://github.com/rust-lang/crates.io-index"
checksum = "f79dfe2d285b0488816f30e700a7438c5a73d816b5b7d3ac72fbc48b0d185e03"

[[package]]
name = "serde"
version = "1.0.219"
source = "registry+https://github.com/rust-lang/crates.io-index"
checksum = "5f0e2c6ed6606019b4e29e69dbaba95b11854410e5347d525002456dbbb786b6"
dependencies = [
 "serde_derive",
]

[[package]]
name = "serde_derive"
version = "1.0.219"
source = "registry+https://github.com/rust-lang/crates.io-index"
checksum = "5b0276cf7f2c73365f7157c8123c21cd9a50fbbd844757af28ca1f5925fc2a00"
dependencies = [
 "proc-macro2",
 "quote",
 "syn",
]

[[package]]
name = "serde_json"
version = "1.0.138"
source = "registry+https://github.com/rust-lang/crates.io-index"
checksum = "d434192e7da787e94a6ea7e9670b26a036d0ca41e0b7efb2676dd32bae872949"
dependencies = [
 "itoa",
 "memchr",
 "ryu",
 "serde",
]

[[package]]
name = "serde_spanned"
version = "0.6.8"
source = "registry+https://github.com/rust-lang/crates.io-index"
checksum = "87607cb1398ed59d48732e575a4c28a7a8ebf2454b964fe3f224f2afc07909e1"
dependencies = [
 "serde",
]

[[package]]
name = "sharded-offset-map"
version = "0.2.0"
source = "registry+https://github.com/rust-lang/crates.io-index"
checksum = "a420d414434523aec9421abd8cc7e674795d6cd3eec9a4080c35ea16a82754c6"
dependencies = [
 "sharded-vec-writer",
]

[[package]]
name = "sharded-slab"
version = "0.1.7"
source = "registry+https://github.com/rust-lang/crates.io-index"
checksum = "f40ca3c46823713e0d4209592e8d6e826aa57e928f09752619fc696c499637f6"
dependencies = [
 "lazy_static",
]

[[package]]
name = "sharded-vec-writer"
version = "0.3.0"
source = "registry+https://github.com/rust-lang/crates.io-index"
checksum = "b0e1e51ad52f9ead5d806e61860fd595da6c76f061a6324bd13aa4f437a29681"

[[package]]
name = "shlex"
version = "1.3.0"
source = "registry+https://github.com/rust-lang/crates.io-index"
checksum = "0fda2ff0d084019ba4d7c6f371c95d8fd75ce3524c3cb8fb653a3023f6323e64"

[[package]]
name = "slab"
version = "0.4.9"
source = "registry+https://github.com/rust-lang/crates.io-index"
checksum = "8f92a496fb766b417c996b9c5e57daf2f7ad3b0bebe1ccfca4856390e3d3bb67"
dependencies = [
 "autocfg",
]

[[package]]
name = "smallvec"
version = "1.14.0"
source = "registry+https://github.com/rust-lang/crates.io-index"
checksum = "7fcf8323ef1faaee30a44a340193b1ac6814fd9b7b4e88e9d4519a3e4abe1cfd"

[[package]]
name = "spin"
version = "0.9.8"
source = "registry+https://github.com/rust-lang/crates.io-index"
checksum = "6980e8d7511241f8acf4aebddbb1ff938df5eebe98691418c4468d0b72a96a67"
dependencies = [
 "lock_api",
]

[[package]]
name = "stable_deref_trait"
version = "1.2.0"
source = "registry+https://github.com/rust-lang/crates.io-index"
checksum = "a8f112729512f8e442d81f95a8a7ddf2b7c6b8a1a6f509a95864142b30cab2d3"

[[package]]
name = "strsim"
version = "0.11.1"
source = "registry+https://github.com/rust-lang/crates.io-index"
checksum = "7da8b5736845d9f2fcb837ea5d9e2628564b3b043a70948a3f0b778838c5fb4f"

[[package]]
name = "strum"
version = "0.27.1"
source = "registry+https://github.com/rust-lang/crates.io-index"
checksum = "f64def088c51c9510a8579e3c5d67c65349dcf755e5479ad3d010aa6454e2c32"
dependencies = [
 "strum_macros",
]

[[package]]
name = "strum_macros"
version = "0.27.1"
source = "registry+https://github.com/rust-lang/crates.io-index"
checksum = "c77a8c5abcaf0f9ce05d62342b7d298c346515365c36b673df4ebe3ced01fde8"
dependencies = [
 "heck",
 "proc-macro2",
 "quote",
 "rustversion",
 "syn",
]

[[package]]
name = "symbolic-common"
version = "12.14.1"
source = "registry+https://github.com/rust-lang/crates.io-index"
checksum = "66135c8273581acaab470356f808a1c74a707fe7ec24728af019d7247e089e71"
dependencies = [
 "debugid",
 "memmap2",
 "stable_deref_trait",
 "uuid",
]

[[package]]
name = "symbolic-demangle"
version = "12.14.1"
source = "registry+https://github.com/rust-lang/crates.io-index"
checksum = "42bcacd080282a72e795864660b148392af7babd75691d5ae9a3b77e29c98c77"
dependencies = [
 "cc",
 "cpp_demangle",
 "msvc-demangler",
 "rustc-demangle",
 "symbolic-common",
]

[[package]]
name = "syn"
version = "2.0.98"
source = "registry+https://github.com/rust-lang/crates.io-index"
checksum = "36147f1a48ae0ec2b5b3bc5b537d267457555a10dc06f3dbc8cb11ba3006d3b1"
dependencies = [
 "proc-macro2",
 "quote",
 "unicode-ident",
]

[[package]]
name = "tempfile"
version = "3.19.1"
source = "registry+https://github.com/rust-lang/crates.io-index"
checksum = "7437ac7763b9b123ccf33c338a5cc1bac6f69b45a136c19bdd8a65e3916435bf"
dependencies = [
 "fastrand",
 "getrandom",
 "once_cell",
 "rustix 1.0.2",
 "windows-sys 0.59.0",
]

[[package]]
name = "thousands"
version = "0.2.0"
source = "registry+https://github.com/rust-lang/crates.io-index"
checksum = "3bf63baf9f5039dadc247375c29eb13706706cfde997d0330d05aa63a77d8820"

[[package]]
name = "thread_local"
version = "1.1.8"
source = "registry+https://github.com/rust-lang/crates.io-index"
checksum = "8b9ef9bad013ada3808854ceac7b46812a6465ba368859a37e2100283d2d719c"
dependencies = [
 "cfg-if",
 "once_cell",
]

[[package]]
name = "toml"
version = "0.8.20"
source = "registry+https://github.com/rust-lang/crates.io-index"
checksum = "cd87a5cdd6ffab733b2f74bc4fd7ee5fff6634124999ac278c35fc78c6120148"
dependencies = [
 "serde",
 "serde_spanned",
 "toml_datetime",
 "toml_edit",
]

[[package]]
name = "toml_datetime"
version = "0.6.8"
source = "registry+https://github.com/rust-lang/crates.io-index"
checksum = "0dd7358ecb8fc2f8d014bf86f6f638ce72ba252a2c3a2572f2a795f1d23efb41"
dependencies = [
 "serde",
]

[[package]]
name = "toml_edit"
version = "0.22.24"
source = "registry+https://github.com/rust-lang/crates.io-index"
checksum = "17b4795ff5edd201c7cd6dca065ae59972ce77d1b80fa0a84d94950ece7d1474"
dependencies = [
 "indexmap",
 "serde",
 "serde_spanned",
 "toml_datetime",
 "winnow",
]

[[package]]
name = "tracing"
version = "0.1.41"
source = "registry+https://github.com/rust-lang/crates.io-index"
checksum = "784e0ac535deb450455cbfa28a6f0df145ea1bb7ae51b821cf5e7927fdcfbdd0"
dependencies = [
 "pin-project-lite",
 "tracing-attributes",
 "tracing-core",
]

[[package]]
name = "tracing-attributes"
version = "0.1.28"
source = "registry+https://github.com/rust-lang/crates.io-index"
checksum = "395ae124c09f9e6918a2310af6038fba074bcf474ac352496d5910dd59a2226d"
dependencies = [
 "proc-macro2",
 "quote",
 "syn",
]

[[package]]
name = "tracing-core"
version = "0.1.33"
source = "registry+https://github.com/rust-lang/crates.io-index"
checksum = "e672c95779cf947c5311f83787af4fa8fffd12fb27e4993211a84bdfd9610f9c"
dependencies = [
 "once_cell",
 "valuable",
]

[[package]]
name = "tracing-log"
version = "0.2.0"
source = "registry+https://github.com/rust-lang/crates.io-index"
checksum = "ee855f1f400bd0e5c02d150ae5de3840039a3f54b025156404e34c23c03f47c3"
dependencies = [
 "log",
 "once_cell",
 "tracing-core",
]

[[package]]
name = "tracing-subscriber"
version = "0.3.19"
source = "registry+https://github.com/rust-lang/crates.io-index"
checksum = "e8189decb5ac0fa7bc8b96b7cb9b2701d60d48805aca84a238004d665fcc4008"
dependencies = [
 "matchers",
 "nu-ansi-term",
 "once_cell",
 "regex",
 "sharded-slab",
 "smallvec",
 "thread_local",
 "tracing",
 "tracing-core",
 "tracing-log",
]

[[package]]
name = "typed-arena"
version = "2.0.2"
source = "registry+https://github.com/rust-lang/crates.io-index"
checksum = "6af6ae20167a9ece4bcb41af5b80f8a1f1df981f6391189ce00fd257af04126a"

[[package]]
name = "unicode-ident"
version = "1.0.16"
source = "registry+https://github.com/rust-lang/crates.io-index"
checksum = "a210d160f08b701c8721ba1c726c11662f877ea6b7094007e1ca9a1041945034"

[[package]]
name = "utf8parse"
version = "0.2.2"
source = "registry+https://github.com/rust-lang/crates.io-index"
checksum = "06abde3611657adf66d383f00b093d7faecc7fa57071cce2578660c9f1010821"

[[package]]
name = "uuid"
version = "1.16.0"
source = "registry+https://github.com/rust-lang/crates.io-index"
checksum = "458f7a779bf54acc9f347480ac654f68407d3aab21269a6e3c9f922acd9e2da9"
dependencies = [
 "getrandom",
]

[[package]]
name = "valuable"
version = "0.1.1"
source = "registry+https://github.com/rust-lang/crates.io-index"
checksum = "ba73ea9cf16a25df0c8caa16c51acb937d5712a8429db78a3ee29d5dcacd3a65"

[[package]]
name = "version_check"
version = "0.9.5"
source = "registry+https://github.com/rust-lang/crates.io-index"
checksum = "0b928f33d975fc6ad9f86c8f283853ad26bdd5b10b7f1542aa2fa15e2289105a"

[[package]]
name = "wait-timeout"
version = "0.2.1"
source = "registry+https://github.com/rust-lang/crates.io-index"
checksum = "09ac3b126d3914f9849036f826e054cbabdc8519970b8998ddaf3b5bd3c65f11"
dependencies = [
 "libc",
]

[[package]]
name = "wasi"
version = "0.13.3+wasi-0.2.2"
source = "registry+https://github.com/rust-lang/crates.io-index"
checksum = "26816d2e1a4a36a2940b96c5296ce403917633dff8f3440e9b236ed6f6bacad2"
dependencies = [
 "wit-bindgen-rt",
]

[[package]]
name = "which"
version = "7.0.2"
source = "registry+https://github.com/rust-lang/crates.io-index"
checksum = "2774c861e1f072b3aadc02f8ba886c26ad6321567ecc294c935434cad06f1283"
dependencies = [
 "either",
 "env_home",
 "rustix 0.38.44",
 "winsafe",
]

[[package]]
name = "wild-linker"
version = "0.4.0"
dependencies = [
 "anyhow",
 "dhat",
 "fd-lock",
 "itertools",
 "libc",
 "libwild",
 "linker-diff",
 "mimalloc",
 "object",
 "os_info",
 "rstest",
 "serde",
 "strum",
 "strum_macros",
 "toml",
 "wait-timeout",
 "which",
]

[[package]]
name = "winapi"
version = "0.3.9"
source = "registry+https://github.com/rust-lang/crates.io-index"
checksum = "5c839a674fcd7a98952e593242ea400abe93992746761e38641405d28b00f419"
dependencies = [
 "winapi-i686-pc-windows-gnu",
 "winapi-x86_64-pc-windows-gnu",
]

[[package]]
name = "winapi-i686-pc-windows-gnu"
version = "0.4.0"
source = "registry+https://github.com/rust-lang/crates.io-index"
checksum = "ac3b87c63620426dd9b991e5ce0329eff545bccbbb34f3be09ff6fb6ab51b7b6"

[[package]]
name = "winapi-x86_64-pc-windows-gnu"
version = "0.4.0"
source = "registry+https://github.com/rust-lang/crates.io-index"
checksum = "712e227841d057c1ee1cd2fb22fa7e5a5461ae8e48fa2ca79ec42cfc1931183f"

[[package]]
name = "windows-sys"
version = "0.52.0"
source = "registry+https://github.com/rust-lang/crates.io-index"
checksum = "282be5f36a8ce781fad8c8ae18fa3f9beff57ec1b52cb3de0789201425d9a33d"
dependencies = [
 "windows-targets",
]

[[package]]
name = "windows-sys"
version = "0.59.0"
source = "registry+https://github.com/rust-lang/crates.io-index"
checksum = "1e38bc4d79ed67fd075bcc251a1c39b32a1776bbe92e5bef1f0bf1f8c531853b"
dependencies = [
 "windows-targets",
]

[[package]]
name = "windows-targets"
version = "0.52.6"
source = "registry+https://github.com/rust-lang/crates.io-index"
checksum = "9b724f72796e036ab90c1021d4780d4d3d648aca59e491e6b98e725b84e99973"
dependencies = [
 "windows_aarch64_gnullvm",
 "windows_aarch64_msvc",
 "windows_i686_gnu",
 "windows_i686_gnullvm",
 "windows_i686_msvc",
 "windows_x86_64_gnu",
 "windows_x86_64_gnullvm",
 "windows_x86_64_msvc",
]

[[package]]
name = "windows_aarch64_gnullvm"
version = "0.52.6"
source = "registry+https://github.com/rust-lang/crates.io-index"
checksum = "32a4622180e7a0ec044bb555404c800bc9fd9ec262ec147edd5989ccd0c02cd3"

[[package]]
name = "windows_aarch64_msvc"
version = "0.52.6"
source = "registry+https://github.com/rust-lang/crates.io-index"
checksum = "09ec2a7bb152e2252b53fa7803150007879548bc709c039df7627cabbd05d469"

[[package]]
name = "windows_i686_gnu"
version = "0.52.6"
source = "registry+https://github.com/rust-lang/crates.io-index"
checksum = "8e9b5ad5ab802e97eb8e295ac6720e509ee4c243f69d781394014ebfe8bbfa0b"

[[package]]
name = "windows_i686_gnullvm"
version = "0.52.6"
source = "registry+https://github.com/rust-lang/crates.io-index"
checksum = "0eee52d38c090b3caa76c563b86c3a4bd71ef1a819287c19d586d7334ae8ed66"

[[package]]
name = "windows_i686_msvc"
version = "0.52.6"
source = "registry+https://github.com/rust-lang/crates.io-index"
checksum = "240948bc05c5e7c6dabba28bf89d89ffce3e303022809e73deaefe4f6ec56c66"

[[package]]
name = "windows_x86_64_gnu"
version = "0.52.6"
source = "registry+https://github.com/rust-lang/crates.io-index"
checksum = "147a5c80aabfbf0c7d901cb5895d1de30ef2907eb21fbbab29ca94c5b08b1a78"

[[package]]
name = "windows_x86_64_gnullvm"
version = "0.52.6"
source = "registry+https://github.com/rust-lang/crates.io-index"
checksum = "24d5b23dc417412679681396f2b49f3de8c1473deb516bd34410872eff51ed0d"

[[package]]
name = "windows_x86_64_msvc"
version = "0.52.6"
source = "registry+https://github.com/rust-lang/crates.io-index"
checksum = "589f6da84c646204747d1270a2a5661ea66ed1cced2631d546fdfb155959f9ec"

[[package]]
name = "winnow"
version = "0.7.4"
source = "registry+https://github.com/rust-lang/crates.io-index"
checksum = "0e97b544156e9bebe1a0ffbc03484fc1ffe3100cbce3ffb17eac35f7cdd7ab36"
dependencies = [
 "memchr",
]

[[package]]
name = "winsafe"
version = "0.0.19"
source = "registry+https://github.com/rust-lang/crates.io-index"
checksum = "d135d17ab770252ad95e9a872d365cf3090e3be864a34ab46f48555993efc904"

[[package]]
name = "wit-bindgen-rt"
version = "0.33.0"
source = "registry+https://github.com/rust-lang/crates.io-index"
checksum = "3268f3d866458b787f390cf61f4bbb563b922d091359f9608842999eaee3943c"
dependencies = [
 "bitflags",
]

[[package]]
name = "zerocopy"
version = "0.7.35"
source = "registry+https://github.com/rust-lang/crates.io-index"
checksum = "1b9b4fd18abc82b8136838da5d50bae7bdea537c574d8dc1a34ed098d6c166f0"
dependencies = [
 "zerocopy-derive",
]

[[package]]
name = "zerocopy-derive"
version = "0.7.35"
source = "registry+https://github.com/rust-lang/crates.io-index"
checksum = "fa4f8080344d4671fb4e831a13ad1e68092748387dfc4f55e356242fae12ce3e"
dependencies = [
 "proc-macro2",
 "quote",
 "syn",
]

[[package]]
name = "zlib-rs"
version = "0.4.2"
source = "registry+https://github.com/rust-lang/crates.io-index"
checksum = "8b20717f0917c908dc63de2e44e97f1e6b126ca58d0e391cee86d504eb8fbd05"

[[package]]
name = "zstd"
version = "0.13.3"
source = "registry+https://github.com/rust-lang/crates.io-index"
checksum = "e91ee311a569c327171651566e07972200e76fcfe2242a4fa446149a3881c08a"
dependencies = [
 "zstd-safe",
]

[[package]]
name = "zstd-safe"
version = "7.2.1"
source = "registry+https://github.com/rust-lang/crates.io-index"
checksum = "54a3ab4db68cea366acc5c897c7b4d4d1b8994a9cd6e6f841f8964566a419059"
dependencies = [
 "zstd-sys",
]

[[package]]
name = "zstd-sys"
version = "2.0.13+zstd.1.5.6"
source = "registry+https://github.com/rust-lang/crates.io-index"
checksum = "38ff0f21cfee8f97d94cef41359e0c89aa6113028ab0291aa8ca0038995a95aa"
dependencies = [
 "cc",
 "pkg-config",
]
