{
  "nodes": {
    "crane": {
      "locked": {
        "lastModified": 1751562746,
        "narHash": "sha256-smpugNIkmDeicNz301Ll1bD7nFOty97T79m4GUMUczA=",
        "owner": "ipetkov",
        "repo": "crane",
        "rev": "aed2020fd3dc26e1e857d4107a5a67a33ab6c1fd",
        "type": "github"
      },
      "original": {
        "owner": "ipetkov",
        "repo": "crane",
        "type": "github"
      }
    },
    "nixpkgs": {
      "locked": {
        "lastModified": 1752555160,
        "narHash": "sha256-CQTnJDUdkaxq1Jd8lvwEcqjdK/C3SxgPJYtxqqwAJcQ=",
        "rev": "62e0f05ede1da0d54515d4ea8ce9c733f12d9f08",
        "type": "tarball",
        "url": "https://releases.nixos.org/nixos/unstable/nixos-25.11pre830073.62e0f05ede1d/nixexprs.tar.xz"
      },
      "original": {
        "type": "tarball",
        "url": "https://nixos.org/channels/nixos-unstable/nixexprs.tar.xz"
      }
    },
    "root": {
      "inputs": {
        "crane": "crane",
        "nixpkgs": "nixpkgs"
      }
    }
  },
  "root": "root",
  "version": 7
}
